{
  "version": 4,
  "terraform_version": "1.5.7",
  "serial": 70,
  "lineage": "124ef5ba-558e-710e-94ab-7511a66c0f96",
  "outputs": {},
  "resources": [
    {
      "mode": "managed",
      "type": "azapi_resource",
      "name": "containerapp-apache",
      "provider": "provider[\"registry.terraform.io/azure/azapi\"]",
      "instances": [
        {
          "schema_version": 0,
          "attributes": {
            "body": "{\"properties\":{\"configuration\":{\"ingress\":{\"allowInsecure\":true,\"external\":true,\"targetPort\":80}},\"managedEnvironmentId\":\"/subscriptions/546be16f-a4d3-4f2b-b085-772077cc6ca5/resourceGroups/myResourceGroup/providers/Microsoft.App/managedEnvironments/myContainerAppEnvironment\",\"template\":{\"containers\":[{\"image\":\"docker/getting-started:latest\",\"name\":\"getting-started\",\"resources\":{\"cpu\":0.25,\"memory\":\"0.5Gi\"}}],\"scale\":{\"rules\":[{\"http\":{\"metadata\":{\"concurrentRequests\":\"10\"}},\"name\":\"http-rule\"}]}}}}",
            "id": "/subscriptions/546be16f-a4d3-4f2b-b085-772077cc6ca5/resourceGroups/myResourceGroup/providers/Microsoft.App/containerapps/docker-helloworld",
            "identity": [
              {
                "identity_ids": [],
                "principal_id": "",
                "tenant_id": "",
                "type": "None"
              }
            ],
            "ignore_casing": false,
            "ignore_missing_property": false,
            "location": "Germany West Central",
            "locks": null,
            "name": "docker-helloworld",
            "output": "{}",
            "parent_id": "/subscriptions/546be16f-a4d3-4f2b-b085-772077cc6ca5/resourceGroups/myResourceGroup",
            "response_export_values": null,
            "schema_validation_enabled": true,
            "tags": {},
            "timeouts": null,
            "type": "Microsoft.App/containerapps@2022-03-01"
          },
          "sensitive_attributes": [],
          "private": "eyJlMmJmYjczMC1lY2FhLTExZTYtOGY4OC0zNDM2M2JjN2M0YzAiOnsiY3JlYXRlIjoxODAwMDAwMDAwMDAwLCJkZWxldGUiOjE4MDAwMDAwMDAwMDAsInJlYWQiOjMwMDAwMDAwMDAwMCwidXBkYXRlIjoxODAwMDAwMDAwMDAwfX0=",
          "dependencies": [
            "azurerm_container_app_environment.app_env",
            "azurerm_resource_group.rg"
          ]
        }
      ]
    },
    {
      "mode": "managed",
      "type": "azurerm_container_app_environment",
      "name": "app_env",
      "provider": "provider[\"registry.terraform.io/hashicorp/azurerm\"]",
      "instances": [
        {
          "schema_version": 0,
          "attributes": {
            "default_domain": "gentleriver-aac830da.germanywestcentral.azurecontainerapps.io",
            "docker_bridge_cidr": "",
            "id": "/subscriptions/546be16f-a4d3-4f2b-b085-772077cc6ca5/resourceGroups/myResourceGroup/providers/Microsoft.App/managedEnvironments/myContainerAppEnvironment",
            "infrastructure_subnet_id": "",
            "internal_load_balancer_enabled": false,
            "location": "germanywestcentral",
            "log_analytics_workspace_id": "/subscriptions/546be16f-a4d3-4f2b-b085-772077cc6ca5/resourceGroups/myResourceGroup/providers/Microsoft.OperationalInsights/workspaces/myLogAnalyticsWorkspace",
            "name": "myContainerAppEnvironment",
            "platform_reserved_cidr": "",
            "platform_reserved_dns_ip_address": "",
            "resource_group_name": "myResourceGroup",
            "static_ip_address": "20.113.109.116",
            "tags": {},
            "timeouts": null
          },
          "sensitive_attributes": [],
          "private": "eyJlMmJmYjczMC1lY2FhLTExZTYtOGY4OC0zNDM2M2JjN2M0YzAiOnsiY3JlYXRlIjoxODAwMDAwMDAwMDAwLCJkZWxldGUiOjE4MDAwMDAwMDAwMDAsInJlYWQiOjMwMDAwMDAwMDAwMCwidXBkYXRlIjoxODAwMDAwMDAwMDAwfX0=",
          "dependencies": [
            "azurerm_log_analytics_workspace.log_workspace",
            "azurerm_resource_group.rg"
          ]
        }
      ]
    },
    {
      "mode": "managed",
      "type": "azurerm_log_analytics_workspace",
      "name": "log_workspace",
      "provider": "provider[\"registry.terraform.io/hashicorp/azurerm\"]",
      "instances": [
        {
          "schema_version": 3,
          "attributes": {
            "allow_resource_only_permissions": true,
            "cmk_for_query_forced": false,
            "daily_quota_gb": -1,
            "id": "/subscriptions/546be16f-a4d3-4f2b-b085-772077cc6ca5/resourceGroups/myResourceGroup/providers/Microsoft.OperationalInsights/workspaces/myLogAnalyticsWorkspace",
            "internet_ingestion_enabled": true,
            "internet_query_enabled": true,
            "local_authentication_disabled": false,
            "location": "germanywestcentral",
            "name": "myLogAnalyticsWorkspace",
            "primary_shared_key": "egKetfPAStKMqnZuXbceiBhYYfJrdMOSJiX+Pv0lx5STnZPnQUXKLPNH2p1//0vuNbe/Q3SYWoEaJ8Bs2QpJgA==",
            "reservation_capacity_in_gb_per_day": null,
            "resource_group_name": "myResourceGroup",
            "retention_in_days": 30,
            "secondary_shared_key": "DSaSkzfaIsDEtXhuqX4ZS1TmesKO3K3D147qPpAW+qocdjjiBVdbLRDtvMMAEHR5+O4EUEOlmxEqjVywRy+40w==",
            "sku": "PerGB2018",
            "tags": {},
            "timeouts": null,
            "workspace_id": "17c89081-b022-4563-a1d5-10cae7ce932f"
          },
          "sensitive_attributes": [],
          "private": "eyJlMmJmYjczMC1lY2FhLTExZTYtOGY4OC0zNDM2M2JjN2M0YzAiOnsiY3JlYXRlIjoxODAwMDAwMDAwMDAwLCJkZWxldGUiOjE4MDAwMDAwMDAwMDAsInJlYWQiOjMwMDAwMDAwMDAwMCwidXBkYXRlIjoxODAwMDAwMDAwMDAwfSwic2NoZW1hX3ZlcnNpb24iOiIzIn0=",
          "dependencies": [
            "azurerm_resource_group.rg"
          ]
        }
      ]
    },
    {
      "mode": "managed",
      "type": "azurerm_resource_group",
      "name": "rg",
      "provider": "provider[\"registry.terraform.io/hashicorp/azurerm\"]",
      "instances": [
        {
          "schema_version": 0,
          "attributes": {
            "id": "/subscriptions/546be16f-a4d3-4f2b-b085-772077cc6ca5/resourceGroups/myResourceGroup",
            "location": "germanywestcentral",
            "name": "myResourceGroup",
            "tags": {},
            "timeouts": null
          },
          "sensitive_attributes": [],
          "private": "eyJlMmJmYjczMC1lY2FhLTExZTYtOGY4OC0zNDM2M2JjN2M0YzAiOnsiY3JlYXRlIjo1NDAwMDAwMDAwMDAwLCJkZWxldGUiOjU0MDAwMDAwMDAwMDAsInJlYWQiOjMwMDAwMDAwMDAwMCwidXBkYXRlIjo1NDAwMDAwMDAwMDAwfX0="
        }
      ]
    },
    {
      "mode": "managed",
      "type": "azurerm_subnet",
      "name": "subnet1",
      "provider": "provider[\"registry.terraform.io/hashicorp/azurerm\"]",
      "instances": [
        {
          "schema_version": 0,
          "attributes": {
            "address_prefixes": [
              "10.0.1.0/24"
            ],
            "delegation": [],
            "enforce_private_link_endpoint_network_policies": false,
            "enforce_private_link_service_network_policies": false,
            "id": "/subscriptions/546be16f-a4d3-4f2b-b085-772077cc6ca5/resourceGroups/myResourceGroup/providers/Microsoft.Network/virtualNetworks/myVNet/subnets/subnet1",
            "name": "subnet1",
            "private_endpoint_network_policies_enabled": true,
            "private_link_service_network_policies_enabled": true,
            "resource_group_name": "myResourceGroup",
            "service_endpoint_policy_ids": [],
            "service_endpoints": [],
            "timeouts": null,
            "virtual_network_name": "myVNet"
          },
          "sensitive_attributes": [],
          "private": "eyJlMmJmYjczMC1lY2FhLTExZTYtOGY4OC0zNDM2M2JjN2M0YzAiOnsiY3JlYXRlIjoxODAwMDAwMDAwMDAwLCJkZWxldGUiOjE4MDAwMDAwMDAwMDAsInJlYWQiOjMwMDAwMDAwMDAwMCwidXBkYXRlIjoxODAwMDAwMDAwMDAwfX0=",
          "dependencies": [
            "azurerm_resource_group.rg",
            "azurerm_virtual_network.vnet"
          ]
        }
      ]
    },
    {
      "mode": "managed",
      "type": "azurerm_subnet",
      "name": "subnet2",
      "provider": "provider[\"registry.terraform.io/hashicorp/azurerm\"]",
      "instances": [
        {
          "schema_version": 0,
          "attributes": {
            "address_prefixes": [
              "10.0.2.0/24"
            ],
            "delegation": [],
            "enforce_private_link_endpoint_network_policies": false,
            "enforce_private_link_service_network_policies": false,
            "id": "/subscriptions/546be16f-a4d3-4f2b-b085-772077cc6ca5/resourceGroups/myResourceGroup/providers/Microsoft.Network/virtualNetworks/myVNet/subnets/subnet2",
            "name": "subnet2",
            "private_endpoint_network_policies_enabled": true,
            "private_link_service_network_policies_enabled": true,
            "resource_group_name": "myResourceGroup",
            "service_endpoint_policy_ids": [],
            "service_endpoints": [],
            "timeouts": null,
            "virtual_network_name": "myVNet"
          },
          "sensitive_attributes": [],
          "private": "eyJlMmJmYjczMC1lY2FhLTExZTYtOGY4OC0zNDM2M2JjN2M0YzAiOnsiY3JlYXRlIjoxODAwMDAwMDAwMDAwLCJkZWxldGUiOjE4MDAwMDAwMDAwMDAsInJlYWQiOjMwMDAwMDAwMDAwMCwidXBkYXRlIjoxODAwMDAwMDAwMDAwfX0=",
          "dependencies": [
            "azurerm_resource_group.rg",
            "azurerm_virtual_network.vnet"
          ]
        }
      ]
    },
    {
      "mode": "managed",
      "type": "azurerm_virtual_network",
      "name": "vnet",
      "provider": "provider[\"registry.terraform.io/hashicorp/azurerm\"]",
      "instances": [
        {
          "schema_version": 0,
          "attributes": {
            "address_space": [
              "10.0.0.0/16"
            ],
            "bgp_community": "",
            "ddos_protection_plan": [],
            "dns_servers": [],
            "edge_zone": "",
            "flow_timeout_in_minutes": 0,
            "guid": "5ebeb8ee-c676-4a0f-a9b2-1e77edc526ab",
            "id": "/subscriptions/546be16f-a4d3-4f2b-b085-772077cc6ca5/resourceGroups/myResourceGroup/providers/Microsoft.Network/virtualNetworks/myVNet",
            "location": "germanywestcentral",
            "name": "myVNet",
            "resource_group_name": "myResourceGroup",
            "subnet": [
              {
                "address_prefix": "10.0.1.0/24",
                "id": "/subscriptions/546be16f-a4d3-4f2b-b085-772077cc6ca5/resourceGroups/myResourceGroup/providers/Microsoft.Network/virtualNetworks/myVNet/subnets/subnet1",
                "name": "subnet1",
                "security_group": ""
              },
              {
                "address_prefix": "10.0.2.0/24",
                "id": "/subscriptions/546be16f-a4d3-4f2b-b085-772077cc6ca5/resourceGroups/myResourceGroup/providers/Microsoft.Network/virtualNetworks/myVNet/subnets/subnet2",
                "name": "subnet2",
                "security_group": ""
              }
            ],
            "tags": {},
            "timeouts": null
          },
          "sensitive_attributes": [],
          "private": "eyJlMmJmYjczMC1lY2FhLTExZTYtOGY4OC0zNDM2M2JjN2M0YzAiOnsiY3JlYXRlIjoxODAwMDAwMDAwMDAwLCJkZWxldGUiOjE4MDAwMDAwMDAwMDAsInJlYWQiOjMwMDAwMDAwMDAwMCwidXBkYXRlIjoxODAwMDAwMDAwMDAwfX0=",
          "dependencies": [
            "azurerm_resource_group.rg"
          ]
        }
      ]
    }
  ],
  "check_results": null
}
