{
  "version": 4,
  "terraform_version": "1.5.7",
  "serial": 581,
  "lineage": "611ff6c9-01fe-f729-53b4-a36bfa12e5cc",
  "outputs": {
    "api_gateway_endpoint": {
      "value": "https://tbpbgg3a8a.execute-api.eu-central-1.amazonaws.com/prod",
      "type": "string"
    },
    "db_port": {
      "value": "terraform-20231210154037473600000007.ccjvwtmj17ux.eu-central-1.rds.amazonaws.com",
      "type": "string"
    }
  },
  "resources": [
    {
      "mode": "managed",
      "type": "aws_api_gateway_account",
      "name": "gateway_account",
      "provider": "provider[\"registry.terraform.io/hashicorp/aws\"]",
      "instances": [
        {
          "schema_version": 0,
          "attributes": {
            "cloudwatch_role_arn": "arn:aws:iam::436888476506:role/api-gateway-cloudwatch-role",
            "id": "api-gateway-account",
            "throttle_settings": [
              {
                "burst_limit": 5000,
                "rate_limit": 10000
              }
            ]
          },
          "sensitive_attributes": [],
          "private": "bnVsbA==",
          "dependencies": [
            "aws_iam_role.api_gateway_cloudwatch",
            "aws_iam_role_policy.api_gateway_cloudwatch_policy"
          ]
        }
      ]
    },
    {
      "mode": "managed",
      "type": "aws_api_gateway_deployment",
      "name": "api_deployment",
      "provider": "provider[\"registry.terraform.io/hashicorp/aws\"]",
      "instances": [
        {
          "schema_version": 0,
          "attributes": {
            "created_date": "2023-12-10T15:44:16Z",
            "description": "",
            "execution_arn": "arn:aws:execute-api:eu-central-1:436888476506:tbpbgg3a8a/prod",
            "id": "mlsf74",
            "invoke_url": "https://tbpbgg3a8a.execute-api.eu-central-1.amazonaws.com/prod",
            "rest_api_id": "tbpbgg3a8a",
            "stage_description": null,
            "stage_name": "prod",
            "triggers": null,
            "variables": null
          },
          "sensitive_attributes": [],
          "private": "bnVsbA==",
          "dependencies": [
            "aws_api_gateway_integration.camel_case_integration",
            "aws_api_gateway_integration.check_prime_integration",
            "aws_api_gateway_method.camel_case_method",
            "aws_api_gateway_method.check_prime_method",
            "aws_api_gateway_resource.camel_case_resource",
            "aws_api_gateway_resource.check_prime_resource",
            "aws_api_gateway_rest_api.my_api",
            "aws_db_instance.em_thesis_lambda_db",
            "aws_db_subnet_group.rds_subnet_group",
            "aws_iam_role.api_gateway_lambda_invoke_role",
            "aws_iam_role.lambda_role",
            "aws_lambda_function.camel_case_lambda",
            "aws_lambda_function.check_prime_lambda",
            "aws_security_group.lambda_sg",
            "aws_security_group.rds_sg",
            "aws_subnet.lambda_subnet_1",
            "aws_subnet.lambda_subnet_2",
            "aws_vpc.lambda_vpc"
          ]
        }
      ]
    },
    {
      "mode": "managed",
      "type": "aws_api_gateway_integration",
      "name": "camel_case_integration",
      "provider": "provider[\"registry.terraform.io/hashicorp/aws\"]",
      "instances": [
        {
          "schema_version": 0,
          "attributes": {
            "cache_key_parameters": [],
            "cache_namespace": "zb3ryx",
            "connection_id": "",
            "connection_type": "INTERNET",
            "content_handling": "",
            "credentials": "arn:aws:iam::436888476506:role/api-gateway-lambda-invoke-role",
            "http_method": "GET",
            "id": "agi-tbpbgg3a8a-zb3ryx-GET",
            "integration_http_method": "POST",
            "passthrough_behavior": "WHEN_NO_MATCH",
            "request_parameters": {
              "integration.request.querystring.text": "method.request.querystring.text"
            },
            "request_templates": {},
            "resource_id": "zb3ryx",
            "rest_api_id": "tbpbgg3a8a",
            "timeout_milliseconds": 29000,
            "tls_config": [],
            "type": "AWS_PROXY",
            "uri": "arn:aws:apigateway:eu-central-1:lambda:path/2015-03-31/functions/arn:aws:lambda:eu-central-1:436888476506:function:camelCaseLambdaFunction/invocations"
          },
          "sensitive_attributes": [],
          "private": "bnVsbA==",
          "dependencies": [
            "aws_api_gateway_method.camel_case_method",
            "aws_api_gateway_resource.camel_case_resource",
            "aws_api_gateway_rest_api.my_api",
            "aws_iam_role.api_gateway_lambda_invoke_role",
            "aws_iam_role.lambda_role",
            "aws_lambda_function.camel_case_lambda",
            "aws_security_group.lambda_sg",
            "aws_subnet.lambda_subnet_1",
            "aws_subnet.lambda_subnet_2",
            "aws_vpc.lambda_vpc"
          ]
        }
      ]
    },
    {
      "mode": "managed",
      "type": "aws_api_gateway_integration",
      "name": "check_prime_integration",
      "provider": "provider[\"registry.terraform.io/hashicorp/aws\"]",
      "instances": [
        {
          "schema_version": 0,
          "attributes": {
            "cache_key_parameters": [],
            "cache_namespace": "d5svm5",
            "connection_id": "",
            "connection_type": "INTERNET",
            "content_handling": "",
            "credentials": "arn:aws:iam::436888476506:role/api-gateway-lambda-invoke-role",
            "http_method": "GET",
            "id": "agi-tbpbgg3a8a-d5svm5-GET",
            "integration_http_method": "POST",
            "passthrough_behavior": "WHEN_NO_MATCH",
            "request_parameters": {
              "integration.request.querystring.number": "method.request.querystring.number"
            },
            "request_templates": {},
            "resource_id": "d5svm5",
            "rest_api_id": "tbpbgg3a8a",
            "timeout_milliseconds": 29000,
            "tls_config": [],
            "type": "AWS_PROXY",
            "uri": "arn:aws:apigateway:eu-central-1:lambda:path/2015-03-31/functions/arn:aws:lambda:eu-central-1:436888476506:function:checkPrimeLambdaFunction/invocations"
          },
          "sensitive_attributes": [],
          "private": "bnVsbA==",
          "dependencies": [
            "aws_api_gateway_method.check_prime_method",
            "aws_api_gateway_resource.check_prime_resource",
            "aws_api_gateway_rest_api.my_api",
            "aws_db_instance.em_thesis_lambda_db",
            "aws_db_subnet_group.rds_subnet_group",
            "aws_iam_role.api_gateway_lambda_invoke_role",
            "aws_iam_role.lambda_role",
            "aws_lambda_function.check_prime_lambda",
            "aws_security_group.lambda_sg",
            "aws_security_group.rds_sg",
            "aws_subnet.lambda_subnet_1",
            "aws_subnet.lambda_subnet_2",
            "aws_vpc.lambda_vpc"
          ]
        }
      ]
    },
    {
      "mode": "managed",
      "type": "aws_api_gateway_method",
      "name": "camel_case_method",
      "provider": "provider[\"registry.terraform.io/hashicorp/aws\"]",
      "instances": [
        {
          "schema_version": 0,
          "attributes": {
            "api_key_required": false,
            "authorization": "NONE",
            "authorization_scopes": [],
            "authorizer_id": "",
            "http_method": "GET",
            "id": "agm-tbpbgg3a8a-zb3ryx-GET",
            "operation_name": "",
            "request_models": {},
            "request_parameters": {
              "method.request.querystring.text": true
            },
            "request_validator_id": "",
            "resource_id": "zb3ryx",
            "rest_api_id": "tbpbgg3a8a"
          },
          "sensitive_attributes": [],
          "private": "bnVsbA==",
          "dependencies": [
            "aws_api_gateway_resource.camel_case_resource",
            "aws_api_gateway_rest_api.my_api"
          ]
        }
      ]
    },
    {
      "mode": "managed",
      "type": "aws_api_gateway_method",
      "name": "check_prime_method",
      "provider": "provider[\"registry.terraform.io/hashicorp/aws\"]",
      "instances": [
        {
          "schema_version": 0,
          "attributes": {
            "api_key_required": false,
            "authorization": "NONE",
            "authorization_scopes": [],
            "authorizer_id": "",
            "http_method": "GET",
            "id": "agm-tbpbgg3a8a-d5svm5-GET",
            "operation_name": "",
            "request_models": {},
            "request_parameters": {
              "method.request.querystring.number": true
            },
            "request_validator_id": "",
            "resource_id": "d5svm5",
            "rest_api_id": "tbpbgg3a8a"
          },
          "sensitive_attributes": [],
          "private": "bnVsbA==",
          "dependencies": [
            "aws_api_gateway_resource.check_prime_resource",
            "aws_api_gateway_rest_api.my_api"
          ]
        }
      ]
    },
    {
      "mode": "managed",
      "type": "aws_api_gateway_resource",
      "name": "camel_case_resource",
      "provider": "provider[\"registry.terraform.io/hashicorp/aws\"]",
      "instances": [
        {
          "schema_version": 0,
          "attributes": {
            "id": "zb3ryx",
            "parent_id": "2p06j58800",
            "path": "/camelcase",
            "path_part": "camelcase",
            "rest_api_id": "tbpbgg3a8a"
          },
          "sensitive_attributes": [],
          "private": "bnVsbA==",
          "dependencies": [
            "aws_api_gateway_rest_api.my_api"
          ]
        }
      ]
    },
    {
      "mode": "managed",
      "type": "aws_api_gateway_resource",
      "name": "check_prime_resource",
      "provider": "provider[\"registry.terraform.io/hashicorp/aws\"]",
      "instances": [
        {
          "schema_version": 0,
          "attributes": {
            "id": "d5svm5",
            "parent_id": "2p06j58800",
            "path": "/checkprime",
            "path_part": "checkprime",
            "rest_api_id": "tbpbgg3a8a"
          },
          "sensitive_attributes": [],
          "private": "bnVsbA==",
          "dependencies": [
            "aws_api_gateway_rest_api.my_api"
          ]
        }
      ]
    },
    {
      "mode": "managed",
      "type": "aws_api_gateway_rest_api",
      "name": "my_api",
      "provider": "provider[\"registry.terraform.io/hashicorp/aws\"]",
      "instances": [
        {
          "schema_version": 0,
          "attributes": {
            "api_key_source": "HEADER",
            "arn": "arn:aws:apigateway:eu-central-1::/restapis/tbpbgg3a8a",
            "binary_media_types": [],
            "body": null,
            "created_date": "2023-12-10T15:40:22Z",
            "description": "API Gateway for Lambda functions",
            "disable_execute_api_endpoint": false,
            "endpoint_configuration": [
              {
                "types": [
                  "EDGE"
                ],
                "vpc_endpoint_ids": []
              }
            ],
            "execution_arn": "arn:aws:execute-api:eu-central-1:436888476506:tbpbgg3a8a",
            "id": "tbpbgg3a8a",
            "minimum_compression_size": -1,
            "name": "MyAPI",
            "parameters": null,
            "policy": "",
            "put_rest_api_mode": null,
            "root_resource_id": "2p06j58800",
            "tags": {
              "thesis-cost-endpoint": "lambda",
              "thesis-cost-general": "lambda"
            },
            "tags_all": {
              "thesis-cost-endpoint": "lambda",
              "thesis-cost-general": "lambda"
            }
          },
          "sensitive_attributes": [],
          "private": "bnVsbA=="
        }
      ]
    },
    {
      "mode": "managed",
      "type": "aws_api_gateway_stage",
      "name": "lambdagateway",
      "provider": "provider[\"registry.terraform.io/hashicorp/aws\"]",
      "instances": [
        {
          "schema_version": 0,
          "attributes": {
            "access_log_settings": [
              {
                "destination_arn": "arn:aws:logs:eu-central-1:436888476506:log-group:/aws/api_gateway/my_api_logs",
                "format": "{\"requestId\":\"$context.requestId\", \"ip\":\"$context.identity.sourceIp\", \"caller\":\"$context.identity.caller\", \"user\":\"$context.identity.user\", \"requestTime\":\"$context.requestTime\", \"httpMethod\":\"$context.httpMethod\", \"resourcePath\":\"$context.resourcePath\", \"status\":\"$context.status\", \"protocol\":\"$context.protocol\", \"responseLength\":\"$context.responseLength\"}"
              }
            ],
            "arn": "arn:aws:apigateway:eu-central-1::/restapis/tbpbgg3a8a/stages/prod",
            "cache_cluster_enabled": false,
            "cache_cluster_size": "",
            "canary_settings": [],
            "client_certificate_id": "",
            "deployment_id": "mlsf74",
            "description": "",
            "documentation_version": "",
            "execution_arn": "arn:aws:execute-api:eu-central-1:436888476506:tbpbgg3a8a/prod",
            "id": "ags-tbpbgg3a8a-prod",
            "invoke_url": "https://tbpbgg3a8a.execute-api.eu-central-1.amazonaws.com/prod",
            "rest_api_id": "tbpbgg3a8a",
            "stage_name": "prod",
            "tags": null,
            "tags_all": {},
            "variables": null,
            "web_acl_arn": "",
            "xray_tracing_enabled": false
          },
          "sensitive_attributes": [],
          "private": "bnVsbA==",
          "dependencies": [
            "aws_api_gateway_deployment.api_deployment",
            "aws_api_gateway_rest_api.my_api",
            "aws_cloudwatch_log_group.api_gateway_logs"
          ]
        }
      ]
    },
    {
      "mode": "managed",
      "type": "aws_cloudwatch_log_group",
      "name": "api_gateway_logs",
      "provider": "provider[\"registry.terraform.io/hashicorp/aws\"]",
      "instances": [
        {
          "schema_version": 0,
          "attributes": {
            "arn": "arn:aws:logs:eu-central-1:436888476506:log-group:/aws/api_gateway/my_api_logs",
            "id": "/aws/api_gateway/my_api_logs",
            "kms_key_id": "",
            "name": "/aws/api_gateway/my_api_logs",
            "name_prefix": "",
            "retention_in_days": 0,
            "skip_destroy": false,
            "tags": {
              "thesis-cost-general": "lambda"
            },
            "tags_all": {
              "thesis-cost-general": "lambda"
            }
          },
          "sensitive_attributes": [],
          "private": "bnVsbA=="
        }
      ]
    },
    {
      "mode": "managed",
      "type": "aws_db_instance",
      "name": "em_thesis_lambda_db",
      "provider": "provider[\"registry.terraform.io/hashicorp/aws\"]",
      "instances": [
        {
          "schema_version": 1,
          "attributes": {
            "address": "terraform-20231210154037473600000007.ccjvwtmj17ux.eu-central-1.rds.amazonaws.com",
            "allocated_storage": 5,
            "allow_major_version_upgrade": null,
            "apply_immediately": null,
            "arn": "arn:aws:rds:eu-central-1:436888476506:db:terraform-20231210154037473600000007",
            "auto_minor_version_upgrade": true,
            "availability_zone": "eu-central-1a",
            "backup_retention_period": 0,
            "backup_window": "21:49-22:19",
            "blue_green_update": [],
            "ca_cert_identifier": "rds-ca-2019",
            "character_set_name": "",
            "copy_tags_to_snapshot": false,
            "custom_iam_instance_profile": "",
            "customer_owned_ip_enabled": false,
            "db_name": "mydb",
            "db_subnet_group_name": "my-rds-subnet-group",
            "delete_automated_backups": true,
            "deletion_protection": false,
            "domain": "",
            "domain_iam_role_name": "",
            "enabled_cloudwatch_logs_exports": [],
            "endpoint": "terraform-20231210154037473600000007.ccjvwtmj17ux.eu-central-1.rds.amazonaws.com:5432",
            "engine": "postgres",
            "engine_version": "15.3",
            "engine_version_actual": "15.3",
            "final_snapshot_identifier": null,
            "hosted_zone_id": "Z1RLNUO7B9Q6NB",
            "iam_database_authentication_enabled": false,
            "id": "terraform-20231210154037473600000007",
            "identifier": "terraform-20231210154037473600000007",
            "identifier_prefix": "terraform-",
            "instance_class": "db.t3.micro",
            "iops": 0,
            "kms_key_id": "",
            "latest_restorable_time": "",
            "license_model": "postgresql-license",
            "maintenance_window": "thu:03:36-thu:04:06",
            "max_allocated_storage": 0,
            "monitoring_interval": 0,
            "monitoring_role_arn": "",
            "multi_az": false,
            "name": "mydb",
            "nchar_character_set_name": "",
            "network_type": "IPV4",
            "option_group_name": "default:postgres-15",
            "parameter_group_name": "default.postgres15",
            "password": "init1000",
            "performance_insights_enabled": false,
            "performance_insights_kms_key_id": "",
            "performance_insights_retention_period": 0,
            "port": 5432,
            "publicly_accessible": false,
            "replica_mode": "",
            "replicas": [],
            "replicate_source_db": "",
            "resource_id": "db-QQAOYUHYNXUBUMM2SCRYM7BEHA",
            "restore_to_point_in_time": [],
            "s3_import": [],
            "security_group_names": [],
            "skip_final_snapshot": true,
            "snapshot_identifier": null,
            "status": "available",
            "storage_encrypted": false,
            "storage_throughput": 0,
            "storage_type": "gp2",
            "tags": {
              "thesis-cost-db": "lambda",
              "thesis-cost-general": "lambda"
            },
            "tags_all": {
              "thesis-cost-db": "lambda",
              "thesis-cost-general": "lambda"
            },
            "timeouts": null,
            "timezone": "",
            "username": "dbuser",
            "vpc_security_group_ids": [
              "sg-06ec9a8bcf2811b6a"
            ]
          },
          "sensitive_attributes": [],
          "private": "eyJlMmJmYjczMC1lY2FhLTExZTYtOGY4OC0zNDM2M2JjN2M0YzAiOnsiY3JlYXRlIjoyNDAwMDAwMDAwMDAwLCJkZWxldGUiOjM2MDAwMDAwMDAwMDAsInVwZGF0ZSI6NDgwMDAwMDAwMDAwMH0sInNjaGVtYV92ZXJzaW9uIjoiMSJ9",
          "dependencies": [
            "aws_db_subnet_group.rds_subnet_group",
            "aws_security_group.lambda_sg",
            "aws_security_group.rds_sg",
            "aws_subnet.lambda_subnet_1",
            "aws_subnet.lambda_subnet_2",
            "aws_vpc.lambda_vpc"
          ]
        }
      ]
    },
    {
      "mode": "managed",
      "type": "aws_db_subnet_group",
      "name": "rds_subnet_group",
      "provider": "provider[\"registry.terraform.io/hashicorp/aws\"]",
      "instances": [
        {
          "schema_version": 0,
          "attributes": {
            "arn": "arn:aws:rds:eu-central-1:436888476506:subgrp:my-rds-subnet-group",
            "description": "Managed by Terraform",
            "id": "my-rds-subnet-group",
            "name": "my-rds-subnet-group",
            "name_prefix": "",
            "subnet_ids": [
              "subnet-062b726faff7e25b9",
              "subnet-0d6a8258c7d81fe73"
            ],
            "supported_network_types": [
              "IPV4"
            ],
            "tags": {
              "thesis-cost-general": "lambda",
              "thesis-cost-traffic": "lambda"
            },
            "tags_all": {
              "thesis-cost-general": "lambda",
              "thesis-cost-traffic": "lambda"
            }
          },
          "sensitive_attributes": [],
          "private": "bnVsbA==",
          "dependencies": [
            "aws_subnet.lambda_subnet_1",
            "aws_subnet.lambda_subnet_2",
            "aws_vpc.lambda_vpc"
          ]
        }
      ]
    },
    {
      "mode": "managed",
      "type": "aws_iam_policy",
      "name": "api_gateway_lambda_invoke_policy",
      "provider": "provider[\"registry.terraform.io/hashicorp/aws\"]",
      "instances": [
        {
          "schema_version": 0,
          "attributes": {
            "arn": "arn:aws:iam::436888476506:policy/api-gateway-lambda-invoke-policy",
            "description": "",
            "id": "arn:aws:iam::436888476506:policy/api-gateway-lambda-invoke-policy",
            "name": "api-gateway-lambda-invoke-policy",
            "name_prefix": null,
            "path": "/",
            "policy": "{\"Statement\":[{\"Action\":[\"lambda:InvokeFunction\"],\"Effect\":\"Allow\",\"Resource\":[\"arn:aws:lambda:eu-central-1:436888476506:function:camelCaseLambdaFunction\",\"arn:aws:lambda:eu-central-1:436888476506:function:checkPrimeLambdaFunction\"]}],\"Version\":\"2012-10-17\"}",
            "policy_id": "ANPAWLOEVDNNNZD7GI4V3",
            "tags": {},
            "tags_all": {}
          },
          "sensitive_attributes": [],
          "private": "bnVsbA==",
          "dependencies": [
            "aws_db_instance.em_thesis_lambda_db",
            "aws_db_subnet_group.rds_subnet_group",
            "aws_iam_role.lambda_role",
            "aws_lambda_function.camel_case_lambda",
            "aws_lambda_function.check_prime_lambda",
            "aws_security_group.lambda_sg",
            "aws_security_group.rds_sg",
            "aws_subnet.lambda_subnet_1",
            "aws_subnet.lambda_subnet_2",
            "aws_vpc.lambda_vpc"
          ]
        }
      ]
    },
    {
      "mode": "managed",
      "type": "aws_iam_policy",
      "name": "lambda_ecr_read_policy",
      "provider": "provider[\"registry.terraform.io/hashicorp/aws\"]",
      "instances": [
        {
          "schema_version": 0,
          "attributes": {
            "arn": "arn:aws:iam::436888476506:policy/lambdaECRReadPolicy",
            "description": "Policy for Lambda functions to access ECR",
            "id": "arn:aws:iam::436888476506:policy/lambdaECRReadPolicy",
            "name": "lambdaECRReadPolicy",
            "name_prefix": null,
            "path": "/",
            "policy": "{\"Statement\":[{\"Action\":[\"ecr:GetDownloadUrlForLayer\",\"ecr:BatchGetImage\",\"ecr:BatchCheckLayerAvailability\"],\"Effect\":\"Allow\",\"Resource\":\"*\"}],\"Version\":\"2012-10-17\"}",
            "policy_id": "ANPAWLOEVDNNELY2GI37S",
            "tags": {},
            "tags_all": {}
          },
          "sensitive_attributes": [],
          "private": "bnVsbA=="
        }
      ]
    },
    {
      "mode": "managed",
      "type": "aws_iam_policy",
      "name": "lambda_logging_policy",
      "provider": "provider[\"registry.terraform.io/hashicorp/aws\"]",
      "instances": [
        {
          "schema_version": 0,
          "attributes": {
            "arn": "arn:aws:iam::436888476506:policy/LambdaLoggingPolicy",
            "description": "IAM policy for Lambda logging to CloudWatch",
            "id": "arn:aws:iam::436888476506:policy/LambdaLoggingPolicy",
            "name": "LambdaLoggingPolicy",
            "name_prefix": null,
            "path": "/",
            "policy": "{\"Statement\":[{\"Action\":[\"logs:CreateLogGroup\",\"logs:CreateLogStream\",\"logs:PutLogEvents\"],\"Effect\":\"Allow\",\"Resource\":\"arn:aws:logs:*:*:*\"}],\"Version\":\"2012-10-17\"}",
            "policy_id": "ANPAWLOEVDNNDDB424CE6",
            "tags": {},
            "tags_all": {}
          },
          "sensitive_attributes": [],
          "private": "bnVsbA=="
        }
      ]
    },
    {
      "mode": "managed",
      "type": "aws_iam_policy",
      "name": "lambda_vpc_access_policy",
      "provider": "provider[\"registry.terraform.io/hashicorp/aws\"]",
      "instances": [
        {
          "schema_version": 0,
          "attributes": {
            "arn": "arn:aws:iam::436888476506:policy/lambdaVPCAccessPolicy",
            "description": "Policy for Lambda functions to access VPC resources",
            "id": "arn:aws:iam::436888476506:policy/lambdaVPCAccessPolicy",
            "name": "lambdaVPCAccessPolicy",
            "name_prefix": null,
            "path": "/",
            "policy": "{\"Statement\":[{\"Action\":[\"ec2:CreateNetworkInterface\",\"ec2:DescribeNetworkInterfaces\",\"ec2:DeleteNetworkInterface\"],\"Effect\":\"Allow\",\"Resource\":\"*\"}],\"Version\":\"2012-10-17\"}",
            "policy_id": "ANPAWLOEVDNNA4WQDHVPN",
            "tags": {},
            "tags_all": {}
          },
          "sensitive_attributes": [],
          "private": "bnVsbA=="
        }
      ]
    },
    {
      "mode": "managed",
      "type": "aws_iam_role",
      "name": "api_gateway_cloudwatch",
      "provider": "provider[\"registry.terraform.io/hashicorp/aws\"]",
      "instances": [
        {
          "schema_version": 0,
          "attributes": {
            "arn": "arn:aws:iam::436888476506:role/api-gateway-cloudwatch-role",
            "assume_role_policy": "{\"Statement\":[{\"Action\":\"sts:AssumeRole\",\"Effect\":\"Allow\",\"Principal\":{\"Service\":\"apigateway.amazonaws.com\"}}],\"Version\":\"2012-10-17\"}",
            "create_date": "2023-12-10T15:40:22Z",
            "description": "",
            "force_detach_policies": false,
            "id": "api-gateway-cloudwatch-role",
            "inline_policy": [
              {
                "name": "api-gateway-cloudwatch-policy",
                "policy": "{\"Statement\":[{\"Action\":[\"logs:CreateLogGroup\",\"logs:CreateLogStream\",\"logs:DescribeLogGroups\",\"logs:DescribeLogStreams\",\"logs:PutLogEvents\",\"logs:GetLogEvents\",\"logs:FilterLogEvents\"],\"Effect\":\"Allow\",\"Resource\":\"arn:aws:logs:*:*:*\"}],\"Version\":\"2012-10-17\"}"
              }
            ],
            "managed_policy_arns": [],
            "max_session_duration": 3600,
            "name": "api-gateway-cloudwatch-role",
            "name_prefix": "",
            "path": "/",
            "permissions_boundary": null,
            "tags": {},
            "tags_all": {},
            "unique_id": "AROAWLOEVDNNNQS4VL37E"
          },
          "sensitive_attributes": [],
          "private": "bnVsbA=="
        }
      ]
    },
    {
      "mode": "managed",
      "type": "aws_iam_role",
      "name": "api_gateway_lambda_invoke_role",
      "provider": "provider[\"registry.terraform.io/hashicorp/aws\"]",
      "instances": [
        {
          "schema_version": 0,
          "attributes": {
            "arn": "arn:aws:iam::436888476506:role/api-gateway-lambda-invoke-role",
            "assume_role_policy": "{\"Statement\":[{\"Action\":\"sts:AssumeRole\",\"Effect\":\"Allow\",\"Principal\":{\"Service\":\"apigateway.amazonaws.com\"}}],\"Version\":\"2012-10-17\"}",
            "create_date": "2023-12-10T15:40:22Z",
            "description": "",
            "force_detach_policies": false,
            "id": "api-gateway-lambda-invoke-role",
            "inline_policy": [],
            "managed_policy_arns": [
              "arn:aws:iam::436888476506:policy/api-gateway-lambda-invoke-policy"
            ],
            "max_session_duration": 3600,
            "name": "api-gateway-lambda-invoke-role",
            "name_prefix": "",
            "path": "/",
            "permissions_boundary": null,
            "tags": {},
            "tags_all": {},
            "unique_id": "AROAWLOEVDNNA2EWEFKSI"
          },
          "sensitive_attributes": [],
          "private": "bnVsbA=="
        }
      ]
    },
    {
      "mode": "managed",
      "type": "aws_iam_role",
      "name": "lambda_role",
      "provider": "provider[\"registry.terraform.io/hashicorp/aws\"]",
      "instances": [
        {
          "schema_version": 0,
          "attributes": {
            "arn": "arn:aws:iam::436888476506:role/lambda-role",
            "assume_role_policy": "{\"Statement\":[{\"Action\":\"sts:AssumeRole\",\"Effect\":\"Allow\",\"Principal\":{\"Service\":\"lambda.amazonaws.com\"}}],\"Version\":\"2012-10-17\"}",
            "create_date": "2023-12-10T15:40:22Z",
            "description": "",
            "force_detach_policies": false,
            "id": "lambda-role",
            "inline_policy": [],
            "managed_policy_arns": [
              "arn:aws:iam::436888476506:policy/LambdaLoggingPolicy",
              "arn:aws:iam::436888476506:policy/lambdaECRReadPolicy",
              "arn:aws:iam::436888476506:policy/lambdaVPCAccessPolicy",
              "arn:aws:iam::aws:policy/service-role/AWSLambdaBasicExecutionRole"
            ],
            "max_session_duration": 3600,
            "name": "lambda-role",
            "name_prefix": "",
            "path": "/",
            "permissions_boundary": null,
            "tags": {},
            "tags_all": {},
            "unique_id": "AROAWLOEVDNNLLRFITGUS"
          },
          "sensitive_attributes": [],
          "private": "bnVsbA=="
        }
      ]
    },
    {
      "mode": "managed",
      "type": "aws_iam_role_policy",
      "name": "api_gateway_cloudwatch_policy",
      "provider": "provider[\"registry.terraform.io/hashicorp/aws\"]",
      "instances": [
        {
          "schema_version": 0,
          "attributes": {
            "id": "api-gateway-cloudwatch-role:api-gateway-cloudwatch-policy",
            "name": "api-gateway-cloudwatch-policy",
            "name_prefix": null,
            "policy": "{\"Statement\":[{\"Action\":[\"logs:CreateLogGroup\",\"logs:CreateLogStream\",\"logs:DescribeLogGroups\",\"logs:DescribeLogStreams\",\"logs:PutLogEvents\",\"logs:GetLogEvents\",\"logs:FilterLogEvents\"],\"Effect\":\"Allow\",\"Resource\":\"arn:aws:logs:*:*:*\"}],\"Version\":\"2012-10-17\"}",
            "role": "api-gateway-cloudwatch-role"
          },
          "sensitive_attributes": [],
          "private": "bnVsbA==",
          "dependencies": [
            "aws_iam_role.api_gateway_cloudwatch"
          ]
        }
      ]
    },
    {
      "mode": "managed",
      "type": "aws_iam_role_policy_attachment",
      "name": "api_gateway_lambda_invoke_attachment",
      "provider": "provider[\"registry.terraform.io/hashicorp/aws\"]",
      "instances": [
        {
          "schema_version": 0,
          "attributes": {
            "id": "api-gateway-lambda-invoke-role-20231210154416990100000008",
            "policy_arn": "arn:aws:iam::436888476506:policy/api-gateway-lambda-invoke-policy",
            "role": "api-gateway-lambda-invoke-role"
          },
          "sensitive_attributes": [],
          "private": "bnVsbA==",
          "dependencies": [
            "aws_db_instance.em_thesis_lambda_db",
            "aws_db_subnet_group.rds_subnet_group",
            "aws_iam_policy.api_gateway_lambda_invoke_policy",
            "aws_iam_role.api_gateway_lambda_invoke_role",
            "aws_iam_role.lambda_role",
            "aws_lambda_function.camel_case_lambda",
            "aws_lambda_function.check_prime_lambda",
            "aws_security_group.lambda_sg",
            "aws_security_group.rds_sg",
            "aws_subnet.lambda_subnet_1",
            "aws_subnet.lambda_subnet_2",
            "aws_vpc.lambda_vpc"
          ]
        }
      ]
    },
    {
      "mode": "managed",
      "type": "aws_iam_role_policy_attachment",
      "name": "lambda_basic_execution",
      "provider": "provider[\"registry.terraform.io/hashicorp/aws\"]",
      "instances": [
        {
          "schema_version": 0,
          "attributes": {
            "id": "lambda-role-20231210154023751200000004",
            "policy_arn": "arn:aws:iam::aws:policy/service-role/AWSLambdaBasicExecutionRole",
            "role": "lambda-role"
          },
          "sensitive_attributes": [],
          "private": "bnVsbA==",
          "dependencies": [
            "aws_iam_role.lambda_role"
          ]
        }
      ]
    },
    {
      "mode": "managed",
      "type": "aws_iam_role_policy_attachment",
      "name": "lambda_ecr_read_attachment",
      "provider": "provider[\"registry.terraform.io/hashicorp/aws\"]",
      "instances": [
        {
          "schema_version": 0,
          "attributes": {
            "id": "lambda-role-20231210154023743900000002",
            "policy_arn": "arn:aws:iam::436888476506:policy/lambdaECRReadPolicy",
            "role": "lambda-role"
          },
          "sensitive_attributes": [],
          "private": "bnVsbA==",
          "dependencies": [
            "aws_iam_policy.lambda_ecr_read_policy",
            "aws_iam_role.lambda_role"
          ]
        }
      ]
    },
    {
      "mode": "managed",
      "type": "aws_iam_role_policy_attachment",
      "name": "lambda_logging_policy_attachment",
      "provider": "provider[\"registry.terraform.io/hashicorp/aws\"]",
      "instances": [
        {
          "schema_version": 0,
          "attributes": {
            "id": "lambda-role-20231210154023745900000003",
            "policy_arn": "arn:aws:iam::436888476506:policy/LambdaLoggingPolicy",
            "role": "lambda-role"
          },
          "sensitive_attributes": [],
          "private": "bnVsbA==",
          "dependencies": [
            "aws_iam_policy.lambda_logging_policy",
            "aws_iam_role.lambda_role"
          ]
        }
      ]
    },
    {
      "mode": "managed",
      "type": "aws_iam_role_policy_attachment",
      "name": "lambda_vpc_access_attachment",
      "provider": "provider[\"registry.terraform.io/hashicorp/aws\"]",
      "instances": [
        {
          "schema_version": 0,
          "attributes": {
            "id": "lambda-role-20231210154023737500000001",
            "policy_arn": "arn:aws:iam::436888476506:policy/lambdaVPCAccessPolicy",
            "role": "lambda-role"
          },
          "sensitive_attributes": [],
          "private": "bnVsbA==",
          "dependencies": [
            "aws_iam_policy.lambda_vpc_access_policy",
            "aws_iam_role.lambda_role"
          ]
        }
      ]
    },
    {
      "mode": "managed",
      "type": "aws_lambda_function",
      "name": "camel_case_lambda",
      "provider": "provider[\"registry.terraform.io/hashicorp/aws\"]",
      "instances": [
        {
          "schema_version": 0,
          "attributes": {
            "architectures": [
              "x86_64"
            ],
            "arn": "arn:aws:lambda:eu-central-1:436888476506:function:camelCaseLambdaFunction",
            "code_signing_config_arn": "",
            "dead_letter_config": [],
            "description": "",
            "environment": [],
            "ephemeral_storage": [
              {
                "size": 512
              }
            ],
            "file_system_config": [],
            "filename": null,
            "function_name": "camelCaseLambdaFunction",
            "handler": "",
            "id": "camelCaseLambdaFunction",
            "image_config": [],
            "image_uri": "436888476506.dkr.ecr.eu-central-1.amazonaws.com/camelcase-lambda-function:latest",
            "invoke_arn": "arn:aws:apigateway:eu-central-1:lambda:path/2015-03-31/functions/arn:aws:lambda:eu-central-1:436888476506:function:camelCaseLambdaFunction/invocations",
            "kms_key_arn": "",
            "last_modified": "2023-12-10T15:40:35.906+0000",
            "layers": [],
            "memory_size": 128,
            "package_type": "Image",
            "publish": false,
            "qualified_arn": "arn:aws:lambda:eu-central-1:436888476506:function:camelCaseLambdaFunction:$LATEST",
            "qualified_invoke_arn": "arn:aws:apigateway:eu-central-1:lambda:path/2015-03-31/functions/arn:aws:lambda:eu-central-1:436888476506:function:camelCaseLambdaFunction:$LATEST/invocations",
            "reserved_concurrent_executions": -1,
            "role": "arn:aws:iam::436888476506:role/lambda-role",
            "runtime": "",
            "s3_bucket": null,
            "s3_key": null,
            "s3_object_version": null,
            "signing_job_arn": "",
            "signing_profile_version_arn": "",
            "snap_start": [],
            "source_code_hash": "370b376dad75894db29d6f3d2fed6aec07376bc2c68266e50b4bec7d4e66e3d6",
            "source_code_size": 0,
            "tags": {
              "thesis-cost-general": "lambda",
              "thesis-cost-vm": "lambda"
            },
            "tags_all": {
              "thesis-cost-general": "lambda",
              "thesis-cost-vm": "lambda"
            },
            "timeout": 3,
            "timeouts": null,
            "tracing_config": [
              {
                "mode": "PassThrough"
              }
            ],
            "version": "$LATEST",
            "vpc_config": [
              {
                "security_group_ids": [
                  "sg-03a4d1429b07f5bb9"
                ],
                "subnet_ids": [
                  "subnet-062b726faff7e25b9",
                  "subnet-0d6a8258c7d81fe73"
                ],
                "vpc_id": "vpc-0d7947205e970d696"
              }
            ]
          },
          "sensitive_attributes": [],
          "private": "eyJlMmJmYjczMC1lY2FhLTExZTYtOGY4OC0zNDM2M2JjN2M0YzAiOnsiY3JlYXRlIjo2MDAwMDAwMDAwMDB9fQ==",
          "dependencies": [
            "aws_iam_role.lambda_role",
            "aws_security_group.lambda_sg",
            "aws_subnet.lambda_subnet_1",
            "aws_subnet.lambda_subnet_2",
            "aws_vpc.lambda_vpc"
          ]
        }
      ]
    },
    {
      "mode": "managed",
      "type": "aws_lambda_function",
      "name": "check_prime_lambda",
      "provider": "provider[\"registry.terraform.io/hashicorp/aws\"]",
      "instances": [
        {
          "schema_version": 0,
          "attributes": {
            "architectures": [
              "x86_64"
            ],
            "arn": "arn:aws:lambda:eu-central-1:436888476506:function:checkPrimeLambdaFunction",
            "code_signing_config_arn": "",
            "dead_letter_config": [],
            "description": "",
            "environment": [
              {
                "variables": {
                  "DB_HOST": "terraform-20231210154037473600000007.ccjvwtmj17ux.eu-central-1.rds.amazonaws.com",
                  "DB_NAME": "mydb",
                  "DB_PASSWORD": "init1000",
                  "DB_USER": "dbuser"
                }
              }
            ],
            "ephemeral_storage": [
              {
                "size": 512
              }
            ],
            "file_system_config": [],
            "filename": null,
            "function_name": "checkPrimeLambdaFunction",
            "handler": "",
            "id": "checkPrimeLambdaFunction",
            "image_config": [],
            "image_uri": "436888476506.dkr.ecr.eu-central-1.amazonaws.com/checkprime-lambda-function:latest",
            "invoke_arn": "arn:aws:apigateway:eu-central-1:lambda:path/2015-03-31/functions/arn:aws:lambda:eu-central-1:436888476506:function:checkPrimeLambdaFunction/invocations",
            "kms_key_arn": "",
            "last_modified": "2023-12-10T15:44:03.092+0000",
            "layers": [],
            "memory_size": 128,
            "package_type": "Image",
            "publish": false,
            "qualified_arn": "arn:aws:lambda:eu-central-1:436888476506:function:checkPrimeLambdaFunction:$LATEST",
            "qualified_invoke_arn": "arn:aws:apigateway:eu-central-1:lambda:path/2015-03-31/functions/arn:aws:lambda:eu-central-1:436888476506:function:checkPrimeLambdaFunction:$LATEST/invocations",
            "reserved_concurrent_executions": -1,
            "role": "arn:aws:iam::436888476506:role/lambda-role",
            "runtime": "",
            "s3_bucket": null,
            "s3_key": null,
            "s3_object_version": null,
            "signing_job_arn": "",
            "signing_profile_version_arn": "",
            "snap_start": [],
            "source_code_hash": "cd18728283d0987a1d8a9db4e4c602f9dfd5ba1c6ec2e3a8abc74d8e10659068",
            "source_code_size": 0,
            "tags": {
              "thesis-cost-general": "lambda",
              "thesis-cost-vm": "lambda"
            },
            "tags_all": {
              "thesis-cost-general": "lambda",
              "thesis-cost-vm": "lambda"
            },
            "timeout": 3,
            "timeouts": null,
            "tracing_config": [
              {
                "mode": "PassThrough"
              }
            ],
            "version": "$LATEST",
            "vpc_config": [
              {
                "security_group_ids": [
                  "sg-03a4d1429b07f5bb9"
                ],
                "subnet_ids": [
                  "subnet-062b726faff7e25b9",
                  "subnet-0d6a8258c7d81fe73"
                ],
                "vpc_id": "vpc-0d7947205e970d696"
              }
            ]
          },
          "sensitive_attributes": [],
          "private": "eyJlMmJmYjczMC1lY2FhLTExZTYtOGY4OC0zNDM2M2JjN2M0YzAiOnsiY3JlYXRlIjo2MDAwMDAwMDAwMDB9fQ==",
          "dependencies": [
            "aws_db_instance.em_thesis_lambda_db",
            "aws_db_subnet_group.rds_subnet_group",
            "aws_iam_role.lambda_role",
            "aws_security_group.lambda_sg",
            "aws_security_group.rds_sg",
            "aws_subnet.lambda_subnet_1",
            "aws_subnet.lambda_subnet_2",
            "aws_vpc.lambda_vpc"
          ]
        }
      ]
    },
    {
      "mode": "managed",
      "type": "aws_lambda_function",
      "name": "db_setup_lambda",
      "provider": "provider[\"registry.terraform.io/hashicorp/aws\"]",
      "instances": [
        {
          "schema_version": 0,
          "attributes": {
            "architectures": [
              "x86_64"
            ],
            "arn": "arn:aws:lambda:eu-central-1:436888476506:function:dbSetupFunction",
            "code_signing_config_arn": "",
            "dead_letter_config": [],
            "description": "",
            "environment": [
              {
                "variables": {
                  "DB_HOST": "terraform-20231210154037473600000007.ccjvwtmj17ux.eu-central-1.rds.amazonaws.com",
                  "DB_NAME": "mydb",
                  "DB_PASSWORD": "init1000",
                  "DB_USERNAME": "dbuser"
                }
              }
            ],
            "ephemeral_storage": [
              {
                "size": 512
              }
            ],
            "file_system_config": [],
            "filename": null,
            "function_name": "dbSetupFunction",
            "handler": "",
            "id": "dbSetupFunction",
            "image_config": [],
            "image_uri": "436888476506.dkr.ecr.eu-central-1.amazonaws.com/create-table-lambda:latest",
            "invoke_arn": "arn:aws:apigateway:eu-central-1:lambda:path/2015-03-31/functions/arn:aws:lambda:eu-central-1:436888476506:function:dbSetupFunction/invocations",
            "kms_key_arn": "",
            "last_modified": "2023-12-10T15:44:03.084+0000",
            "layers": [],
            "memory_size": 128,
            "package_type": "Image",
            "publish": false,
            "qualified_arn": "arn:aws:lambda:eu-central-1:436888476506:function:dbSetupFunction:$LATEST",
            "qualified_invoke_arn": "arn:aws:apigateway:eu-central-1:lambda:path/2015-03-31/functions/arn:aws:lambda:eu-central-1:436888476506:function:dbSetupFunction:$LATEST/invocations",
            "reserved_concurrent_executions": -1,
            "role": "arn:aws:iam::436888476506:role/lambda-role",
            "runtime": "",
            "s3_bucket": null,
            "s3_key": null,
            "s3_object_version": null,
            "signing_job_arn": "",
            "signing_profile_version_arn": "",
            "snap_start": [],
            "source_code_hash": "0a8f33b736758db5072166436ae2383041ed9cc1ba525f926747394a657a3571",
            "source_code_size": 0,
            "tags": {
              "thesis-cost-general": "lambda",
              "thesis-cost-vm": "lambda"
            },
            "tags_all": {
              "thesis-cost-general": "lambda",
              "thesis-cost-vm": "lambda"
            },
            "timeout": 3,
            "timeouts": null,
            "tracing_config": [
              {
                "mode": "PassThrough"
              }
            ],
            "version": "$LATEST",
            "vpc_config": [
              {
                "security_group_ids": [
                  "sg-03a4d1429b07f5bb9"
                ],
                "subnet_ids": [
                  "subnet-062b726faff7e25b9",
                  "subnet-0d6a8258c7d81fe73"
                ],
                "vpc_id": "vpc-0d7947205e970d696"
              }
            ]
          },
          "sensitive_attributes": [],
          "private": "eyJlMmJmYjczMC1lY2FhLTExZTYtOGY4OC0zNDM2M2JjN2M0YzAiOnsiY3JlYXRlIjo2MDAwMDAwMDAwMDB9fQ==",
          "dependencies": [
            "aws_db_instance.em_thesis_lambda_db",
            "aws_db_subnet_group.rds_subnet_group",
            "aws_iam_role.lambda_role",
            "aws_security_group.lambda_sg",
            "aws_security_group.rds_sg",
            "aws_subnet.lambda_subnet_1",
            "aws_subnet.lambda_subnet_2",
            "aws_vpc.lambda_vpc"
          ]
        }
      ]
    },
    {
      "mode": "managed",
      "type": "aws_security_group",
      "name": "lambda_sg",
      "provider": "provider[\"registry.terraform.io/hashicorp/aws\"]",
      "instances": [
        {
          "schema_version": 1,
          "attributes": {
            "arn": "arn:aws:ec2:eu-central-1:436888476506:security-group/sg-03a4d1429b07f5bb9",
            "description": "Managed by Terraform",
            "egress": [
              {
                "cidr_blocks": [
                  "0.0.0.0/0"
                ],
                "description": "",
                "from_port": 0,
                "ipv6_cidr_blocks": [],
                "prefix_list_ids": [],
                "protocol": "-1",
                "security_groups": [],
                "self": false,
                "to_port": 0
              }
            ],
            "id": "sg-03a4d1429b07f5bb9",
            "ingress": [
              {
                "cidr_blocks": [
                  "0.0.0.0/0"
                ],
                "description": "",
                "from_port": 0,
                "ipv6_cidr_blocks": [],
                "prefix_list_ids": [],
                "protocol": "-1",
                "security_groups": [],
                "self": false,
                "to_port": 0
              }
            ],
            "name": "terraform-20231210154033775400000005",
            "name_prefix": "terraform-",
            "owner_id": "436888476506",
            "revoke_rules_on_delete": false,
            "tags": {},
            "tags_all": {},
            "timeouts": null,
            "vpc_id": "vpc-0d7947205e970d696"
          },
          "sensitive_attributes": [],
          "private": "eyJlMmJmYjczMC1lY2FhLTExZTYtOGY4OC0zNDM2M2JjN2M0YzAiOnsiY3JlYXRlIjo2MDAwMDAwMDAwMDAsImRlbGV0ZSI6OTAwMDAwMDAwMDAwfSwic2NoZW1hX3ZlcnNpb24iOiIxIn0=",
          "dependencies": [
            "aws_vpc.lambda_vpc"
          ]
        }
      ]
    },
    {
      "mode": "managed",
      "type": "aws_security_group",
      "name": "rds_sg",
      "provider": "provider[\"registry.terraform.io/hashicorp/aws\"]",
      "instances": [
        {
          "schema_version": 1,
          "attributes": {
            "arn": "arn:aws:ec2:eu-central-1:436888476506:security-group/sg-06ec9a8bcf2811b6a",
            "description": "Managed by Terraform",
            "egress": [
              {
                "cidr_blocks": [
                  "0.0.0.0/0"
                ],
                "description": "",
                "from_port": 0,
                "ipv6_cidr_blocks": [],
                "prefix_list_ids": [],
                "protocol": "-1",
                "security_groups": [],
                "self": false,
                "to_port": 0
              }
            ],
            "id": "sg-06ec9a8bcf2811b6a",
            "ingress": [
              {
                "cidr_blocks": [],
                "description": "",
                "from_port": 5432,
                "ipv6_cidr_blocks": [],
                "prefix_list_ids": [],
                "protocol": "tcp",
                "security_groups": [
                  "sg-03a4d1429b07f5bb9"
                ],
                "self": false,
                "to_port": 5432
              }
            ],
            "name": "terraform-20231210154035569100000006",
            "name_prefix": "terraform-",
            "owner_id": "436888476506",
            "revoke_rules_on_delete": false,
            "tags": {},
            "tags_all": {},
            "timeouts": null,
            "vpc_id": "vpc-0d7947205e970d696"
          },
          "sensitive_attributes": [],
          "private": "eyJlMmJmYjczMC1lY2FhLTExZTYtOGY4OC0zNDM2M2JjN2M0YzAiOnsiY3JlYXRlIjo2MDAwMDAwMDAwMDAsImRlbGV0ZSI6OTAwMDAwMDAwMDAwfSwic2NoZW1hX3ZlcnNpb24iOiIxIn0=",
          "dependencies": [
            "aws_security_group.lambda_sg",
            "aws_vpc.lambda_vpc"
          ]
        }
      ]
    },
    {
      "mode": "managed",
      "type": "aws_subnet",
      "name": "lambda_subnet_1",
      "provider": "provider[\"registry.terraform.io/hashicorp/aws\"]",
      "instances": [
        {
          "schema_version": 1,
          "attributes": {
            "arn": "arn:aws:ec2:eu-central-1:436888476506:subnet/subnet-0d6a8258c7d81fe73",
            "assign_ipv6_address_on_creation": false,
            "availability_zone": "eu-central-1a",
            "availability_zone_id": "euc1-az2",
            "cidr_block": "10.0.1.0/24",
            "customer_owned_ipv4_pool": "",
            "enable_dns64": false,
            "enable_resource_name_dns_a_record_on_launch": false,
            "enable_resource_name_dns_aaaa_record_on_launch": false,
            "id": "subnet-0d6a8258c7d81fe73",
            "ipv6_cidr_block": "",
            "ipv6_cidr_block_association_id": "",
            "ipv6_native": false,
            "map_customer_owned_ip_on_launch": false,
            "map_public_ip_on_launch": false,
            "outpost_arn": "",
            "owner_id": "436888476506",
            "private_dns_hostname_type_on_launch": "ip-name",
            "tags": {
              "thesis-cost-general": "lambda",
              "thesis-cost-traffic": "lambda"
            },
            "tags_all": {
              "thesis-cost-general": "lambda",
              "thesis-cost-traffic": "lambda"
            },
            "timeouts": null,
            "vpc_id": "vpc-0d7947205e970d696"
          },
          "sensitive_attributes": [],
          "private": "eyJlMmJmYjczMC1lY2FhLTExZTYtOGY4OC0zNDM2M2JjN2M0YzAiOnsiY3JlYXRlIjo2MDAwMDAwMDAwMDAsImRlbGV0ZSI6MTIwMDAwMDAwMDAwMH0sInNjaGVtYV92ZXJzaW9uIjoiMSJ9",
          "dependencies": [
            "aws_vpc.lambda_vpc"
          ]
        }
      ]
    },
    {
      "mode": "managed",
      "type": "aws_subnet",
      "name": "lambda_subnet_2",
      "provider": "provider[\"registry.terraform.io/hashicorp/aws\"]",
      "instances": [
        {
          "schema_version": 1,
          "attributes": {
            "arn": "arn:aws:ec2:eu-central-1:436888476506:subnet/subnet-062b726faff7e25b9",
            "assign_ipv6_address_on_creation": false,
            "availability_zone": "eu-central-1b",
            "availability_zone_id": "euc1-az3",
            "cidr_block": "10.0.3.0/24",
            "customer_owned_ipv4_pool": "",
            "enable_dns64": false,
            "enable_resource_name_dns_a_record_on_launch": false,
            "enable_resource_name_dns_aaaa_record_on_launch": false,
            "id": "subnet-062b726faff7e25b9",
            "ipv6_cidr_block": "",
            "ipv6_cidr_block_association_id": "",
            "ipv6_native": false,
            "map_customer_owned_ip_on_launch": false,
            "map_public_ip_on_launch": false,
            "outpost_arn": "",
            "owner_id": "436888476506",
            "private_dns_hostname_type_on_launch": "ip-name",
            "tags": {
              "thesis-cost-general": "lambda",
              "thesis-cost-traffic": "lambda"
            },
            "tags_all": {
              "thesis-cost-general": "lambda",
              "thesis-cost-traffic": "lambda"
            },
            "timeouts": null,
            "vpc_id": "vpc-0d7947205e970d696"
          },
          "sensitive_attributes": [],
          "private": "eyJlMmJmYjczMC1lY2FhLTExZTYtOGY4OC0zNDM2M2JjN2M0YzAiOnsiY3JlYXRlIjo2MDAwMDAwMDAwMDAsImRlbGV0ZSI6MTIwMDAwMDAwMDAwMH0sInNjaGVtYV92ZXJzaW9uIjoiMSJ9",
          "dependencies": [
            "aws_vpc.lambda_vpc"
          ]
        }
      ]
    },
    {
      "mode": "managed",
      "type": "aws_vpc",
      "name": "lambda_vpc",
      "provider": "provider[\"registry.terraform.io/hashicorp/aws\"]",
      "instances": [
        {
          "schema_version": 1,
          "attributes": {
            "arn": "arn:aws:ec2:eu-central-1:436888476506:vpc/vpc-0d7947205e970d696",
            "assign_generated_ipv6_cidr_block": false,
            "cidr_block": "10.0.0.0/16",
            "default_network_acl_id": "acl-027e42287f654de61",
            "default_route_table_id": "rtb-0a887e81269179880",
            "default_security_group_id": "sg-01b69b6fc98eae878",
            "dhcp_options_id": "dopt-0e9ce2aa924f30e88",
            "enable_classiclink": false,
            "enable_classiclink_dns_support": false,
            "enable_dns_hostnames": true,
            "enable_dns_support": true,
            "enable_network_address_usage_metrics": false,
            "id": "vpc-0d7947205e970d696",
            "instance_tenancy": "default",
            "ipv4_ipam_pool_id": null,
            "ipv4_netmask_length": null,
            "ipv6_association_id": "",
            "ipv6_cidr_block": "",
            "ipv6_cidr_block_network_border_group": "",
            "ipv6_ipam_pool_id": "",
            "ipv6_netmask_length": 0,
            "main_route_table_id": "rtb-0a887e81269179880",
            "owner_id": "436888476506",
            "tags": {},
            "tags_all": {}
          },
          "sensitive_attributes": [],
          "private": "eyJzY2hlbWFfdmVyc2lvbiI6IjEifQ=="
        }
      ]
    },
    {
      "mode": "managed",
      "type": "null_resource",
      "name": "db_setup_trigger",
      "provider": "provider[\"registry.terraform.io/hashicorp/null\"]",
      "instances": [
        {
          "schema_version": 0,
          "attributes": {
            "id": "3269060632950475483",
            "triggers": null
          },
          "sensitive_attributes": [],
          "dependencies": [
            "aws_db_instance.em_thesis_lambda_db",
            "aws_db_subnet_group.rds_subnet_group",
            "aws_iam_role.lambda_role",
            "aws_lambda_function.db_setup_lambda",
            "aws_security_group.lambda_sg",
            "aws_security_group.rds_sg",
            "aws_subnet.lambda_subnet_1",
            "aws_subnet.lambda_subnet_2",
            "aws_vpc.lambda_vpc"
          ]
        }
      ]
    }
  ],
  "check_results": null
}
