{
  "version": 4,
  "terraform_version": "1.5.7",
  "serial": 72,
  "lineage": "611ff6c9-01fe-f729-53b4-a36bfa12e5cc",
  "outputs": {
    "api_gateway_endpoint": {
      "value": "https://ner8txfez7.execute-api.eu-central-1.amazonaws.com/prod",
      "type": "string"
    },
    "db_port": {
      "value": "terraform-20231130022536414700000001.ck6hg31m9wia.eu-central-1.rds.amazonaws.com",
      "type": "string"
    }
  },
  "resources": [
    {
      "mode": "managed",
      "type": "aws_api_gateway_deployment",
      "name": "api_deployment",
      "provider": "provider[\"registry.terraform.io/hashicorp/aws\"]",
      "instances": [
        {
          "schema_version": 0,
          "attributes": {
            "created_date": "2023-11-30T05:54:39Z",
            "description": "",
            "execution_arn": "arn:aws:execute-api:eu-central-1:924961350014:ner8txfez7/prod",
            "id": "80tmpk",
            "invoke_url": "https://ner8txfez7.execute-api.eu-central-1.amazonaws.com/prod",
            "rest_api_id": "ner8txfez7",
            "stage_description": null,
            "stage_name": "prod",
            "triggers": null,
            "variables": null
          },
          "sensitive_attributes": [],
          "private": "bnVsbA==",
          "dependencies": [
            "aws_api_gateway_integration.camel_case_integration",
            "aws_api_gateway_integration.check_prime_integration",
            "aws_api_gateway_method.camel_case_method",
            "aws_api_gateway_method.check_prime_method",
            "aws_api_gateway_resource.camel_case_resource",
            "aws_api_gateway_resource.check_prime_resource",
            "aws_api_gateway_rest_api.my_api",
            "aws_db_instance.em_thesis_lambda_db",
            "aws_iam_role.lambda_role",
            "aws_lambda_function.camel_case_lambda",
            "aws_lambda_function.check_prime_lambda",
            "aws_security_group.lambda_sg",
            "aws_subnet.lambda_subnet_1",
            "aws_subnet.lambda_subnet_2"
          ]
        }
      ]
    },
    {
      "mode": "managed",
      "type": "aws_api_gateway_integration",
      "name": "camel_case_integration",
      "provider": "provider[\"registry.terraform.io/hashicorp/aws\"]",
      "instances": [
        {
          "schema_version": 0,
          "attributes": {
            "cache_key_parameters": null,
            "cache_namespace": "hvpnz2",
            "connection_id": "",
            "connection_type": "INTERNET",
            "content_handling": "",
            "credentials": "",
            "http_method": "GET",
            "id": "agi-ner8txfez7-hvpnz2-GET",
            "integration_http_method": "POST",
            "passthrough_behavior": "WHEN_NO_MATCH",
            "request_parameters": null,
            "request_templates": null,
            "resource_id": "hvpnz2",
            "rest_api_id": "ner8txfez7",
            "timeout_milliseconds": 29000,
            "tls_config": [],
            "type": "AWS_PROXY",
            "uri": "arn:aws:apigateway:eu-central-1:lambda:path/2015-03-31/functions/arn:aws:lambda:eu-central-1:924961350014:function:camelCaseLambdaFunction/invocations"
          },
          "sensitive_attributes": [],
          "private": "bnVsbA==",
          "dependencies": [
            "aws_api_gateway_method.camel_case_method",
            "aws_api_gateway_resource.camel_case_resource",
            "aws_api_gateway_rest_api.my_api",
            "aws_iam_role.lambda_role",
            "aws_lambda_function.camel_case_lambda",
            "aws_security_group.lambda_sg",
            "aws_subnet.lambda_subnet_1",
            "aws_subnet.lambda_subnet_2"
          ]
        }
      ]
    },
    {
      "mode": "managed",
      "type": "aws_api_gateway_integration",
      "name": "check_prime_integration",
      "provider": "provider[\"registry.terraform.io/hashicorp/aws\"]",
      "instances": [
        {
          "schema_version": 0,
          "attributes": {
            "cache_key_parameters": null,
            "cache_namespace": "22qmwb",
            "connection_id": "",
            "connection_type": "INTERNET",
            "content_handling": "",
            "credentials": "",
            "http_method": "GET",
            "id": "agi-ner8txfez7-22qmwb-GET",
            "integration_http_method": "POST",
            "passthrough_behavior": "WHEN_NO_MATCH",
            "request_parameters": null,
            "request_templates": null,
            "resource_id": "22qmwb",
            "rest_api_id": "ner8txfez7",
            "timeout_milliseconds": 29000,
            "tls_config": [],
            "type": "AWS_PROXY",
            "uri": "arn:aws:apigateway:eu-central-1:lambda:path/2015-03-31/functions/arn:aws:lambda:eu-central-1:924961350014:function:checkPrimeLambdaFunction/invocations"
          },
          "sensitive_attributes": [],
          "private": "bnVsbA==",
          "dependencies": [
            "aws_api_gateway_method.check_prime_method",
            "aws_api_gateway_resource.check_prime_resource",
            "aws_api_gateway_rest_api.my_api",
            "aws_db_instance.em_thesis_lambda_db",
            "aws_iam_role.lambda_role",
            "aws_lambda_function.check_prime_lambda",
            "aws_security_group.lambda_sg",
            "aws_subnet.lambda_subnet_1",
            "aws_subnet.lambda_subnet_2"
          ]
        }
      ]
    },
    {
      "mode": "managed",
      "type": "aws_api_gateway_method",
      "name": "camel_case_method",
      "provider": "provider[\"registry.terraform.io/hashicorp/aws\"]",
      "instances": [
        {
          "schema_version": 0,
          "attributes": {
            "api_key_required": false,
            "authorization": "NONE",
            "authorization_scopes": [],
            "authorizer_id": "",
            "http_method": "GET",
            "id": "agm-ner8txfez7-hvpnz2-GET",
            "operation_name": "",
            "request_models": {},
            "request_parameters": {},
            "request_validator_id": "",
            "resource_id": "hvpnz2",
            "rest_api_id": "ner8txfez7"
          },
          "sensitive_attributes": [],
          "private": "bnVsbA==",
          "dependencies": [
            "aws_api_gateway_resource.camel_case_resource",
            "aws_api_gateway_rest_api.my_api"
          ]
        }
      ]
    },
    {
      "mode": "managed",
      "type": "aws_api_gateway_method",
      "name": "check_prime_method",
      "provider": "provider[\"registry.terraform.io/hashicorp/aws\"]",
      "instances": [
        {
          "schema_version": 0,
          "attributes": {
            "api_key_required": false,
            "authorization": "NONE",
            "authorization_scopes": [],
            "authorizer_id": "",
            "http_method": "GET",
            "id": "agm-ner8txfez7-22qmwb-GET",
            "operation_name": "",
            "request_models": {},
            "request_parameters": {},
            "request_validator_id": "",
            "resource_id": "22qmwb",
            "rest_api_id": "ner8txfez7"
          },
          "sensitive_attributes": [],
          "private": "bnVsbA==",
          "dependencies": [
            "aws_api_gateway_resource.check_prime_resource",
            "aws_api_gateway_rest_api.my_api"
          ]
        }
      ]
    },
    {
      "mode": "managed",
      "type": "aws_api_gateway_resource",
      "name": "camel_case_resource",
      "provider": "provider[\"registry.terraform.io/hashicorp/aws\"]",
      "instances": [
        {
          "schema_version": 0,
          "attributes": {
            "id": "hvpnz2",
            "parent_id": "pumm58vs82",
            "path": "/camelcase",
            "path_part": "camelcase",
            "rest_api_id": "ner8txfez7"
          },
          "sensitive_attributes": [],
          "private": "bnVsbA==",
          "dependencies": [
            "aws_api_gateway_rest_api.my_api"
          ]
        }
      ]
    },
    {
      "mode": "managed",
      "type": "aws_api_gateway_resource",
      "name": "check_prime_resource",
      "provider": "provider[\"registry.terraform.io/hashicorp/aws\"]",
      "instances": [
        {
          "schema_version": 0,
          "attributes": {
            "id": "22qmwb",
            "parent_id": "pumm58vs82",
            "path": "/checkprime",
            "path_part": "checkprime",
            "rest_api_id": "ner8txfez7"
          },
          "sensitive_attributes": [],
          "private": "bnVsbA==",
          "dependencies": [
            "aws_api_gateway_rest_api.my_api"
          ]
        }
      ]
    },
    {
      "mode": "managed",
      "type": "aws_api_gateway_rest_api",
      "name": "my_api",
      "provider": "provider[\"registry.terraform.io/hashicorp/aws\"]",
      "instances": [
        {
          "schema_version": 0,
          "attributes": {
            "api_key_source": "HEADER",
            "arn": "arn:aws:apigateway:eu-central-1::/restapis/ner8txfez7",
            "binary_media_types": [],
            "body": null,
            "created_date": "2023-11-24T04:05:08Z",
            "description": "API Gateway for Lambda functions",
            "disable_execute_api_endpoint": false,
            "endpoint_configuration": [
              {
                "types": [
                  "EDGE"
                ],
                "vpc_endpoint_ids": []
              }
            ],
            "execution_arn": "arn:aws:execute-api:eu-central-1:924961350014:ner8txfez7",
            "id": "ner8txfez7",
            "minimum_compression_size": -1,
            "name": "MyAPI",
            "parameters": null,
            "policy": "",
            "put_rest_api_mode": null,
            "root_resource_id": "pumm58vs82",
            "tags": {},
            "tags_all": {}
          },
          "sensitive_attributes": [],
          "private": "bnVsbA=="
        }
      ]
    },
    {
      "mode": "managed",
      "type": "aws_db_instance",
      "name": "em_thesis_lambda_db",
      "provider": "provider[\"registry.terraform.io/hashicorp/aws\"]",
      "instances": [
        {
          "schema_version": 1,
          "attributes": {
            "address": "terraform-20231130022536414700000001.ck6hg31m9wia.eu-central-1.rds.amazonaws.com",
            "allocated_storage": 5,
            "allow_major_version_upgrade": null,
            "apply_immediately": null,
            "arn": "arn:aws:rds:eu-central-1:924961350014:db:terraform-20231130022536414700000001",
            "auto_minor_version_upgrade": true,
            "availability_zone": "eu-central-1b",
            "backup_retention_period": 0,
            "backup_window": "23:45-00:15",
            "blue_green_update": [],
            "ca_cert_identifier": "rds-ca-2019",
            "character_set_name": "",
            "copy_tags_to_snapshot": false,
            "custom_iam_instance_profile": "",
            "customer_owned_ip_enabled": false,
            "db_name": "mydb",
            "db_subnet_group_name": "my-rds-subnet-group",
            "delete_automated_backups": true,
            "deletion_protection": false,
            "domain": "",
            "domain_iam_role_name": "",
            "enabled_cloudwatch_logs_exports": [],
            "endpoint": "terraform-20231130022536414700000001.ck6hg31m9wia.eu-central-1.rds.amazonaws.com:5432",
            "engine": "postgres",
            "engine_version": "15.3",
            "engine_version_actual": "15.3",
            "final_snapshot_identifier": null,
            "hosted_zone_id": "Z1RLNUO7B9Q6NB",
            "iam_database_authentication_enabled": false,
            "id": "terraform-20231130022536414700000001",
            "identifier": "terraform-20231130022536414700000001",
            "identifier_prefix": "terraform-",
            "instance_class": "db.t3.micro",
            "iops": 0,
            "kms_key_id": "",
            "latest_restorable_time": "",
            "license_model": "postgresql-license",
            "maintenance_window": "sat:03:07-sat:03:37",
            "max_allocated_storage": 0,
            "monitoring_interval": 0,
            "monitoring_role_arn": "",
            "multi_az": false,
            "name": "mydb",
            "nchar_character_set_name": "",
            "network_type": "IPV4",
            "option_group_name": "default:postgres-15",
            "parameter_group_name": "default.postgres15",
            "password": "init1000",
            "performance_insights_enabled": false,
            "performance_insights_kms_key_id": "",
            "performance_insights_retention_period": 0,
            "port": 5432,
            "publicly_accessible": false,
            "replica_mode": "",
            "replicas": [],
            "replicate_source_db": "",
            "resource_id": "db-FMRKVEFNYEDFRLCXIVMV2P3RNI",
            "restore_to_point_in_time": [],
            "s3_import": [],
            "security_group_names": [],
            "skip_final_snapshot": true,
            "snapshot_identifier": null,
            "status": "available",
            "storage_encrypted": false,
            "storage_throughput": 0,
            "storage_type": "gp2",
            "tags": {},
            "tags_all": {},
            "timeouts": null,
            "timezone": "",
            "username": "dbuser",
            "vpc_security_group_ids": [
              "sg-009eb9743b41aafdc"
            ]
          },
          "sensitive_attributes": [],
          "private": "eyJlMmJmYjczMC1lY2FhLTExZTYtOGY4OC0zNDM2M2JjN2M0YzAiOnsiY3JlYXRlIjoyNDAwMDAwMDAwMDAwLCJkZWxldGUiOjM2MDAwMDAwMDAwMDAsInVwZGF0ZSI6NDgwMDAwMDAwMDAwMH0sInNjaGVtYV92ZXJzaW9uIjoiMSJ9",
          "dependencies": [
            "aws_db_subnet_group.rds_subnet_group",
            "aws_security_group.lambda_sg",
            "aws_security_group.rds_sg",
            "aws_subnet.rds_subnet",
            "aws_subnet.rds_subnet1",
            "aws_vpc.lambda_vpc"
          ]
        }
      ]
    },
    {
      "mode": "managed",
      "type": "aws_db_subnet_group",
      "name": "rds_subnet_group",
      "provider": "provider[\"registry.terraform.io/hashicorp/aws\"]",
      "instances": [
        {
          "schema_version": 0,
          "attributes": {
            "arn": "arn:aws:rds:eu-central-1:924961350014:subgrp:my-rds-subnet-group",
            "description": "Managed by Terraform",
            "id": "my-rds-subnet-group",
            "name": "my-rds-subnet-group",
            "name_prefix": "",
            "subnet_ids": [
              "subnet-02bcba98666a7f2a5",
              "subnet-0fb8db3ce4c0e33ab"
            ],
            "supported_network_types": [
              "IPV4"
            ],
            "tags": {},
            "tags_all": {}
          },
          "sensitive_attributes": [],
          "private": "bnVsbA==",
          "dependencies": [
            "aws_subnet.rds_subnet",
            "aws_subnet.rds_subnet1",
            "aws_vpc.lambda_vpc"
          ]
        }
      ]
    },
    {
      "mode": "managed",
      "type": "aws_iam_policy",
      "name": "lambda_ecr_read_policy",
      "provider": "provider[\"registry.terraform.io/hashicorp/aws\"]",
      "instances": [
        {
          "schema_version": 0,
          "attributes": {
            "arn": "arn:aws:iam::924961350014:policy/lambdaECRReadPolicy",
            "description": "Policy for Lambda functions to access ECR",
            "id": "arn:aws:iam::924961350014:policy/lambdaECRReadPolicy",
            "name": "lambdaECRReadPolicy",
            "name_prefix": null,
            "path": "/",
            "policy": "{\"Statement\":[{\"Action\":[\"ecr:GetDownloadUrlForLayer\",\"ecr:BatchGetImage\",\"ecr:BatchCheckLayerAvailability\"],\"Effect\":\"Allow\",\"Resource\":\"*\"}],\"Version\":\"2012-10-17\"}",
            "policy_id": "ANPA5OW76EF7LVGHJ2KVZ",
            "tags": {},
            "tags_all": {}
          },
          "sensitive_attributes": [],
          "private": "bnVsbA=="
        }
      ]
    },
    {
      "mode": "managed",
      "type": "aws_iam_policy",
      "name": "lambda_vpc_access_policy",
      "provider": "provider[\"registry.terraform.io/hashicorp/aws\"]",
      "instances": [
        {
          "schema_version": 0,
          "attributes": {
            "arn": "arn:aws:iam::924961350014:policy/lambdaVPCAccessPolicy",
            "description": "Policy for Lambda functions to access VPC resources",
            "id": "arn:aws:iam::924961350014:policy/lambdaVPCAccessPolicy",
            "name": "lambdaVPCAccessPolicy",
            "name_prefix": null,
            "path": "/",
            "policy": "{\"Statement\":[{\"Action\":[\"ec2:CreateNetworkInterface\",\"ec2:DescribeNetworkInterfaces\",\"ec2:DeleteNetworkInterface\"],\"Effect\":\"Allow\",\"Resource\":\"*\"}],\"Version\":\"2012-10-17\"}",
            "policy_id": "ANPA5OW76EF7OXK263YH4",
            "tags": {},
            "tags_all": {}
          },
          "sensitive_attributes": [],
          "private": "bnVsbA=="
        }
      ]
    },
    {
      "mode": "managed",
      "type": "aws_iam_role",
      "name": "lambda_role",
      "provider": "provider[\"registry.terraform.io/hashicorp/aws\"]",
      "instances": [
        {
          "schema_version": 0,
          "attributes": {
            "arn": "arn:aws:iam::924961350014:role/lambda-role",
            "assume_role_policy": "{\"Statement\":[{\"Action\":\"sts:AssumeRole\",\"Effect\":\"Allow\",\"Principal\":{\"Service\":\"lambda.amazonaws.com\"}}],\"Version\":\"2012-10-17\"}",
            "create_date": "2023-11-24T04:05:08Z",
            "description": "",
            "force_detach_policies": false,
            "id": "lambda-role",
            "inline_policy": [],
            "managed_policy_arns": [
              "arn:aws:iam::924961350014:policy/lambdaECRReadPolicy",
              "arn:aws:iam::924961350014:policy/lambdaVPCAccessPolicy",
              "arn:aws:iam::aws:policy/service-role/AWSLambdaBasicExecutionRole"
            ],
            "max_session_duration": 3600,
            "name": "lambda-role",
            "name_prefix": "",
            "path": "/",
            "permissions_boundary": null,
            "tags": {},
            "tags_all": {},
            "unique_id": "AROA5OW76EF7A3OQKBZ5D"
          },
          "sensitive_attributes": [],
          "private": "bnVsbA=="
        }
      ]
    },
    {
      "mode": "managed",
      "type": "aws_iam_role_policy_attachment",
      "name": "lambda_basic_execution",
      "provider": "provider[\"registry.terraform.io/hashicorp/aws\"]",
      "instances": [
        {
          "schema_version": 0,
          "attributes": {
            "id": "lambda-role-20231124040509690100000001",
            "policy_arn": "arn:aws:iam::aws:policy/service-role/AWSLambdaBasicExecutionRole",
            "role": "lambda-role"
          },
          "sensitive_attributes": [],
          "private": "bnVsbA==",
          "dependencies": [
            "aws_iam_role.lambda_role"
          ]
        }
      ]
    },
    {
      "mode": "managed",
      "type": "aws_iam_role_policy_attachment",
      "name": "lambda_ecr_read_attachment",
      "provider": "provider[\"registry.terraform.io/hashicorp/aws\"]",
      "instances": [
        {
          "schema_version": 0,
          "attributes": {
            "id": "lambda-role-20231130035623655400000001",
            "policy_arn": "arn:aws:iam::924961350014:policy/lambdaECRReadPolicy",
            "role": "lambda-role"
          },
          "sensitive_attributes": [],
          "private": "bnVsbA==",
          "dependencies": [
            "aws_iam_policy.lambda_ecr_read_policy",
            "aws_iam_role.lambda_role"
          ]
        }
      ]
    },
    {
      "mode": "managed",
      "type": "aws_iam_role_policy_attachment",
      "name": "lambda_vpc_access_attachment",
      "provider": "provider[\"registry.terraform.io/hashicorp/aws\"]",
      "instances": [
        {
          "schema_version": 0,
          "attributes": {
            "id": "lambda-role-20231130040940458400000001",
            "policy_arn": "arn:aws:iam::924961350014:policy/lambdaVPCAccessPolicy",
            "role": "lambda-role"
          },
          "sensitive_attributes": [],
          "private": "bnVsbA==",
          "dependencies": [
            "aws_iam_policy.lambda_vpc_access_policy",
            "aws_iam_role.lambda_role"
          ]
        }
      ]
    },
    {
      "mode": "managed",
      "type": "aws_lambda_function",
      "name": "camel_case_lambda",
      "provider": "provider[\"registry.terraform.io/hashicorp/aws\"]",
      "instances": [
        {
          "schema_version": 0,
          "attributes": {
            "architectures": [
              "x86_64"
            ],
            "arn": "arn:aws:lambda:eu-central-1:924961350014:function:camelCaseLambdaFunction",
            "code_signing_config_arn": "",
            "dead_letter_config": [],
            "description": "",
            "environment": [],
            "ephemeral_storage": [
              {
                "size": 512
              }
            ],
            "file_system_config": [],
            "filename": null,
            "function_name": "camelCaseLambdaFunction",
            "handler": "",
            "id": "camelCaseLambdaFunction",
            "image_config": [],
            "image_uri": "924961350014.dkr.ecr.eu-central-1.amazonaws.com/camelcase-lambda-function:latest",
            "invoke_arn": "arn:aws:apigateway:eu-central-1:lambda:path/2015-03-31/functions/arn:aws:lambda:eu-central-1:924961350014:function:camelCaseLambdaFunction/invocations",
            "kms_key_arn": "",
            "last_modified": "2023-11-30T05:52:28.893+0000",
            "layers": null,
            "memory_size": 128,
            "package_type": "Image",
            "publish": false,
            "qualified_arn": "arn:aws:lambda:eu-central-1:924961350014:function:camelCaseLambdaFunction:$LATEST",
            "qualified_invoke_arn": "arn:aws:apigateway:eu-central-1:lambda:path/2015-03-31/functions/arn:aws:lambda:eu-central-1:924961350014:function:camelCaseLambdaFunction:$LATEST/invocations",
            "reserved_concurrent_executions": -1,
            "role": "arn:aws:iam::924961350014:role/lambda-role",
            "runtime": "",
            "s3_bucket": null,
            "s3_key": null,
            "s3_object_version": null,
            "signing_job_arn": "",
            "signing_profile_version_arn": "",
            "snap_start": [],
            "source_code_hash": "5b350eebef91d03a73282f7e294a09c6b6be7fa0d601d36c9a9e0c1e4778fcdb",
            "source_code_size": 0,
            "tags": null,
            "tags_all": {},
            "timeout": 3,
            "timeouts": null,
            "tracing_config": [
              {
                "mode": "PassThrough"
              }
            ],
            "version": "$LATEST",
            "vpc_config": [
              {
                "security_group_ids": [
                  "sg-03430466f13ef70a4"
                ],
                "subnet_ids": [
                  "subnet-0431721c1e8e7d628",
                  "subnet-0665c5a6f395ee3bc"
                ],
                "vpc_id": "vpc-01037c86320c59577"
              }
            ]
          },
          "sensitive_attributes": [],
          "private": "eyJlMmJmYjczMC1lY2FhLTExZTYtOGY4OC0zNDM2M2JjN2M0YzAiOnsiY3JlYXRlIjo2MDAwMDAwMDAwMDB9fQ==",
          "dependencies": [
            "aws_iam_role.lambda_role",
            "aws_security_group.lambda_sg",
            "aws_subnet.lambda_subnet_1",
            "aws_subnet.lambda_subnet_2"
          ]
        }
      ]
    },
    {
      "mode": "managed",
      "type": "aws_lambda_function",
      "name": "check_prime_lambda",
      "provider": "provider[\"registry.terraform.io/hashicorp/aws\"]",
      "instances": [
        {
          "schema_version": 0,
          "attributes": {
            "architectures": [
              "x86_64"
            ],
            "arn": "arn:aws:lambda:eu-central-1:924961350014:function:checkPrimeLambdaFunction",
            "code_signing_config_arn": "",
            "dead_letter_config": [],
            "description": "",
            "environment": [
              {
                "variables": {
                  "DB_HOST": "terraform-20231130022536414700000001.ck6hg31m9wia.eu-central-1.rds.amazonaws.com",
                  "DB_NAME": "mydb",
                  "DB_PASSWORD": "init1000",
                  "DB_USER": "dbuser"
                }
              }
            ],
            "ephemeral_storage": [
              {
                "size": 512
              }
            ],
            "file_system_config": [],
            "filename": null,
            "function_name": "checkPrimeLambdaFunction",
            "handler": "",
            "id": "checkPrimeLambdaFunction",
            "image_config": [],
            "image_uri": "924961350014.dkr.ecr.eu-central-1.amazonaws.com/checkprime-lambda-function:latest",
            "invoke_arn": "arn:aws:apigateway:eu-central-1:lambda:path/2015-03-31/functions/arn:aws:lambda:eu-central-1:924961350014:function:checkPrimeLambdaFunction/invocations",
            "kms_key_arn": "",
            "last_modified": "2023-11-30T05:52:28.879+0000",
            "layers": null,
            "memory_size": 128,
            "package_type": "Image",
            "publish": false,
            "qualified_arn": "arn:aws:lambda:eu-central-1:924961350014:function:checkPrimeLambdaFunction:$LATEST",
            "qualified_invoke_arn": "arn:aws:apigateway:eu-central-1:lambda:path/2015-03-31/functions/arn:aws:lambda:eu-central-1:924961350014:function:checkPrimeLambdaFunction:$LATEST/invocations",
            "reserved_concurrent_executions": -1,
            "role": "arn:aws:iam::924961350014:role/lambda-role",
            "runtime": "",
            "s3_bucket": null,
            "s3_key": null,
            "s3_object_version": null,
            "signing_job_arn": "",
            "signing_profile_version_arn": "",
            "snap_start": [],
            "source_code_hash": "d21f9a681134305b847edd59e8c5700bd9e7cdd9497acf0b35c861dfdff31e53",
            "source_code_size": 0,
            "tags": null,
            "tags_all": {},
            "timeout": 3,
            "timeouts": null,
            "tracing_config": [
              {
                "mode": "PassThrough"
              }
            ],
            "version": "$LATEST",
            "vpc_config": [
              {
                "security_group_ids": [
                  "sg-03430466f13ef70a4"
                ],
                "subnet_ids": [
                  "subnet-0431721c1e8e7d628",
                  "subnet-0665c5a6f395ee3bc"
                ],
                "vpc_id": "vpc-01037c86320c59577"
              }
            ]
          },
          "sensitive_attributes": [],
          "private": "eyJlMmJmYjczMC1lY2FhLTExZTYtOGY4OC0zNDM2M2JjN2M0YzAiOnsiY3JlYXRlIjo2MDAwMDAwMDAwMDB9fQ==",
          "dependencies": [
            "aws_db_instance.em_thesis_lambda_db",
            "aws_iam_role.lambda_role",
            "aws_security_group.lambda_sg",
            "aws_subnet.lambda_subnet_1",
            "aws_subnet.lambda_subnet_2"
          ]
        }
      ]
    },
    {
      "mode": "managed",
      "type": "aws_lambda_function",
      "name": "db_setup_lambda",
      "provider": "provider[\"registry.terraform.io/hashicorp/aws\"]",
      "instances": [
        {
          "schema_version": 0,
          "attributes": {
            "architectures": [
              "x86_64"
            ],
            "arn": "arn:aws:lambda:eu-central-1:924961350014:function:dbSetupFunction",
            "code_signing_config_arn": "",
            "dead_letter_config": [],
            "description": "",
            "environment": [
              {
                "variables": {
                  "DB_HOST": "terraform-20231130022536414700000001.ck6hg31m9wia.eu-central-1.rds.amazonaws.com",
                  "DB_NAME": "mydb",
                  "DB_PASSWORD": "init1000",
                  "DB_USERNAME": "dbuser"
                }
              }
            ],
            "ephemeral_storage": [
              {
                "size": 512
              }
            ],
            "file_system_config": [],
            "filename": null,
            "function_name": "dbSetupFunction",
            "handler": "",
            "id": "dbSetupFunction",
            "image_config": [],
            "image_uri": "924961350014.dkr.ecr.eu-central-1.amazonaws.com/create-table-lambda:latest",
            "invoke_arn": "arn:aws:apigateway:eu-central-1:lambda:path/2015-03-31/functions/arn:aws:lambda:eu-central-1:924961350014:function:dbSetupFunction/invocations",
            "kms_key_arn": "",
            "last_modified": "2023-11-30T05:52:28.898+0000",
            "layers": null,
            "memory_size": 128,
            "package_type": "Image",
            "publish": false,
            "qualified_arn": "arn:aws:lambda:eu-central-1:924961350014:function:dbSetupFunction:$LATEST",
            "qualified_invoke_arn": "arn:aws:apigateway:eu-central-1:lambda:path/2015-03-31/functions/arn:aws:lambda:eu-central-1:924961350014:function:dbSetupFunction:$LATEST/invocations",
            "reserved_concurrent_executions": -1,
            "role": "arn:aws:iam::924961350014:role/lambda-role",
            "runtime": "",
            "s3_bucket": null,
            "s3_key": null,
            "s3_object_version": null,
            "signing_job_arn": "",
            "signing_profile_version_arn": "",
            "snap_start": [],
            "source_code_hash": "e5d31396597bc8f684ec4a57d4ae5d24bfb1ddd0194bf08ba80dbef47c6b2333",
            "source_code_size": 0,
            "tags": null,
            "tags_all": {},
            "timeout": 3,
            "timeouts": null,
            "tracing_config": [
              {
                "mode": "PassThrough"
              }
            ],
            "version": "$LATEST",
            "vpc_config": [
              {
                "security_group_ids": [
                  "sg-03430466f13ef70a4"
                ],
                "subnet_ids": [
                  "subnet-0431721c1e8e7d628",
                  "subnet-0665c5a6f395ee3bc"
                ],
                "vpc_id": "vpc-01037c86320c59577"
              }
            ]
          },
          "sensitive_attributes": [],
          "private": "eyJlMmJmYjczMC1lY2FhLTExZTYtOGY4OC0zNDM2M2JjN2M0YzAiOnsiY3JlYXRlIjo2MDAwMDAwMDAwMDB9fQ==",
          "dependencies": [
            "aws_db_instance.em_thesis_lambda_db",
            "aws_iam_role.lambda_role",
            "aws_security_group.lambda_sg",
            "aws_subnet.lambda_subnet_1",
            "aws_subnet.lambda_subnet_2"
          ]
        }
      ]
    },
    {
      "mode": "managed",
      "type": "aws_security_group",
      "name": "lambda_sg",
      "provider": "provider[\"registry.terraform.io/hashicorp/aws\"]",
      "instances": [
        {
          "schema_version": 1,
          "attributes": {
            "arn": "arn:aws:ec2:eu-central-1:924961350014:security-group/sg-03430466f13ef70a4",
            "description": "Managed by Terraform",
            "egress": [
              {
                "cidr_blocks": [
                  "0.0.0.0/0"
                ],
                "description": "",
                "from_port": 0,
                "ipv6_cidr_blocks": [],
                "prefix_list_ids": [],
                "protocol": "-1",
                "security_groups": [],
                "self": false,
                "to_port": 0
              }
            ],
            "id": "sg-03430466f13ef70a4",
            "ingress": [
              {
                "cidr_blocks": [
                  "0.0.0.0/0"
                ],
                "description": "",
                "from_port": 0,
                "ipv6_cidr_blocks": [],
                "prefix_list_ids": [],
                "protocol": "-1",
                "security_groups": [],
                "self": false,
                "to_port": 0
              }
            ],
            "name": "terraform-20231124040519398600000002",
            "name_prefix": "terraform-",
            "owner_id": "924961350014",
            "revoke_rules_on_delete": false,
            "tags": {},
            "tags_all": {},
            "timeouts": null,
            "vpc_id": "vpc-01037c86320c59577"
          },
          "sensitive_attributes": [],
          "private": "eyJlMmJmYjczMC1lY2FhLTExZTYtOGY4OC0zNDM2M2JjN2M0YzAiOnsiY3JlYXRlIjo2MDAwMDAwMDAwMDAsImRlbGV0ZSI6OTAwMDAwMDAwMDAwfSwic2NoZW1hX3ZlcnNpb24iOiIxIn0=",
          "dependencies": [
            "aws_vpc.lambda_vpc"
          ]
        }
      ]
    },
    {
      "mode": "managed",
      "type": "aws_security_group",
      "name": "rds_sg",
      "provider": "provider[\"registry.terraform.io/hashicorp/aws\"]",
      "instances": [
        {
          "schema_version": 1,
          "attributes": {
            "arn": "arn:aws:ec2:eu-central-1:924961350014:security-group/sg-009eb9743b41aafdc",
            "description": "Managed by Terraform",
            "egress": [],
            "id": "sg-009eb9743b41aafdc",
            "ingress": [
              {
                "cidr_blocks": [],
                "description": "",
                "from_port": 5432,
                "ipv6_cidr_blocks": [],
                "prefix_list_ids": [],
                "protocol": "tcp",
                "security_groups": [
                  "sg-03430466f13ef70a4"
                ],
                "self": false,
                "to_port": 5432
              }
            ],
            "name": "terraform-20231124040520852100000003",
            "name_prefix": "terraform-",
            "owner_id": "924961350014",
            "revoke_rules_on_delete": false,
            "tags": {},
            "tags_all": {},
            "timeouts": null,
            "vpc_id": "vpc-01037c86320c59577"
          },
          "sensitive_attributes": [],
          "private": "eyJlMmJmYjczMC1lY2FhLTExZTYtOGY4OC0zNDM2M2JjN2M0YzAiOnsiY3JlYXRlIjo2MDAwMDAwMDAwMDAsImRlbGV0ZSI6OTAwMDAwMDAwMDAwfSwic2NoZW1hX3ZlcnNpb24iOiIxIn0=",
          "dependencies": [
            "aws_security_group.lambda_sg",
            "aws_vpc.lambda_vpc"
          ]
        }
      ]
    },
    {
      "mode": "managed",
      "type": "aws_subnet",
      "name": "lambda_subnet_1",
      "provider": "provider[\"registry.terraform.io/hashicorp/aws\"]",
      "instances": [
        {
          "schema_version": 1,
          "attributes": {
            "arn": "arn:aws:ec2:eu-central-1:924961350014:subnet/subnet-0665c5a6f395ee3bc",
            "assign_ipv6_address_on_creation": false,
            "availability_zone": "eu-central-1b",
            "availability_zone_id": "euc1-az3",
            "cidr_block": "10.0.1.0/24",
            "customer_owned_ipv4_pool": "",
            "enable_dns64": false,
            "enable_resource_name_dns_a_record_on_launch": false,
            "enable_resource_name_dns_aaaa_record_on_launch": false,
            "id": "subnet-0665c5a6f395ee3bc",
            "ipv6_cidr_block": "",
            "ipv6_cidr_block_association_id": "",
            "ipv6_native": false,
            "map_customer_owned_ip_on_launch": false,
            "map_public_ip_on_launch": false,
            "outpost_arn": "",
            "owner_id": "924961350014",
            "private_dns_hostname_type_on_launch": "ip-name",
            "tags": {},
            "tags_all": {},
            "timeouts": null,
            "vpc_id": "vpc-01037c86320c59577"
          },
          "sensitive_attributes": [],
          "private": "eyJlMmJmYjczMC1lY2FhLTExZTYtOGY4OC0zNDM2M2JjN2M0YzAiOnsiY3JlYXRlIjo2MDAwMDAwMDAwMDAsImRlbGV0ZSI6MTIwMDAwMDAwMDAwMH0sInNjaGVtYV92ZXJzaW9uIjoiMSJ9",
          "dependencies": [
            "aws_vpc.lambda_vpc"
          ]
        }
      ]
    },
    {
      "mode": "managed",
      "type": "aws_subnet",
      "name": "lambda_subnet_2",
      "provider": "provider[\"registry.terraform.io/hashicorp/aws\"]",
      "instances": [
        {
          "schema_version": 1,
          "attributes": {
            "arn": "arn:aws:ec2:eu-central-1:924961350014:subnet/subnet-0431721c1e8e7d628",
            "assign_ipv6_address_on_creation": false,
            "availability_zone": "eu-central-1b",
            "availability_zone_id": "euc1-az3",
            "cidr_block": "10.0.3.0/24",
            "customer_owned_ipv4_pool": "",
            "enable_dns64": false,
            "enable_resource_name_dns_a_record_on_launch": false,
            "enable_resource_name_dns_aaaa_record_on_launch": false,
            "id": "subnet-0431721c1e8e7d628",
            "ipv6_cidr_block": "",
            "ipv6_cidr_block_association_id": "",
            "ipv6_native": false,
            "map_customer_owned_ip_on_launch": false,
            "map_public_ip_on_launch": false,
            "outpost_arn": "",
            "owner_id": "924961350014",
            "private_dns_hostname_type_on_launch": "ip-name",
            "tags": {},
            "tags_all": {},
            "timeouts": null,
            "vpc_id": "vpc-01037c86320c59577"
          },
          "sensitive_attributes": [],
          "private": "eyJlMmJmYjczMC1lY2FhLTExZTYtOGY4OC0zNDM2M2JjN2M0YzAiOnsiY3JlYXRlIjo2MDAwMDAwMDAwMDAsImRlbGV0ZSI6MTIwMDAwMDAwMDAwMH0sInNjaGVtYV92ZXJzaW9uIjoiMSJ9",
          "dependencies": [
            "aws_vpc.lambda_vpc"
          ]
        }
      ]
    },
    {
      "mode": "managed",
      "type": "aws_subnet",
      "name": "rds_subnet",
      "provider": "provider[\"registry.terraform.io/hashicorp/aws\"]",
      "instances": [
        {
          "schema_version": 1,
          "attributes": {
            "arn": "arn:aws:ec2:eu-central-1:924961350014:subnet/subnet-0fb8db3ce4c0e33ab",
            "assign_ipv6_address_on_creation": false,
            "availability_zone": "eu-central-1b",
            "availability_zone_id": "euc1-az3",
            "cidr_block": "10.0.2.0/24",
            "customer_owned_ipv4_pool": "",
            "enable_dns64": false,
            "enable_resource_name_dns_a_record_on_launch": false,
            "enable_resource_name_dns_aaaa_record_on_launch": false,
            "id": "subnet-0fb8db3ce4c0e33ab",
            "ipv6_cidr_block": "",
            "ipv6_cidr_block_association_id": "",
            "ipv6_native": false,
            "map_customer_owned_ip_on_launch": false,
            "map_public_ip_on_launch": false,
            "outpost_arn": "",
            "owner_id": "924961350014",
            "private_dns_hostname_type_on_launch": "ip-name",
            "tags": {},
            "tags_all": {},
            "timeouts": null,
            "vpc_id": "vpc-01037c86320c59577"
          },
          "sensitive_attributes": [],
          "private": "eyJlMmJmYjczMC1lY2FhLTExZTYtOGY4OC0zNDM2M2JjN2M0YzAiOnsiY3JlYXRlIjo2MDAwMDAwMDAwMDAsImRlbGV0ZSI6MTIwMDAwMDAwMDAwMH0sInNjaGVtYV92ZXJzaW9uIjoiMSJ9",
          "dependencies": [
            "aws_vpc.lambda_vpc"
          ]
        }
      ]
    },
    {
      "mode": "managed",
      "type": "aws_subnet",
      "name": "rds_subnet1",
      "provider": "provider[\"registry.terraform.io/hashicorp/aws\"]",
      "instances": [
        {
          "schema_version": 1,
          "attributes": {
            "arn": "arn:aws:ec2:eu-central-1:924961350014:subnet/subnet-02bcba98666a7f2a5",
            "assign_ipv6_address_on_creation": false,
            "availability_zone": "eu-central-1a",
            "availability_zone_id": "euc1-az2",
            "cidr_block": "10.0.4.0/24",
            "customer_owned_ipv4_pool": "",
            "enable_dns64": false,
            "enable_resource_name_dns_a_record_on_launch": false,
            "enable_resource_name_dns_aaaa_record_on_launch": false,
            "id": "subnet-02bcba98666a7f2a5",
            "ipv6_cidr_block": "",
            "ipv6_cidr_block_association_id": "",
            "ipv6_native": false,
            "map_customer_owned_ip_on_launch": false,
            "map_public_ip_on_launch": false,
            "outpost_arn": "",
            "owner_id": "924961350014",
            "private_dns_hostname_type_on_launch": "ip-name",
            "tags": {},
            "tags_all": {},
            "timeouts": null,
            "vpc_id": "vpc-01037c86320c59577"
          },
          "sensitive_attributes": [],
          "private": "eyJlMmJmYjczMC1lY2FhLTExZTYtOGY4OC0zNDM2M2JjN2M0YzAiOnsiY3JlYXRlIjo2MDAwMDAwMDAwMDAsImRlbGV0ZSI6MTIwMDAwMDAwMDAwMH0sInNjaGVtYV92ZXJzaW9uIjoiMSJ9",
          "dependencies": [
            "aws_vpc.lambda_vpc"
          ]
        }
      ]
    },
    {
      "mode": "managed",
      "type": "aws_vpc",
      "name": "lambda_vpc",
      "provider": "provider[\"registry.terraform.io/hashicorp/aws\"]",
      "instances": [
        {
          "schema_version": 1,
          "attributes": {
            "arn": "arn:aws:ec2:eu-central-1:924961350014:vpc/vpc-01037c86320c59577",
            "assign_generated_ipv6_cidr_block": false,
            "cidr_block": "10.0.0.0/16",
            "default_network_acl_id": "acl-07e51c4fc1808f14b",
            "default_route_table_id": "rtb-030b566cfb1239d0e",
            "default_security_group_id": "sg-0484c0117277c4cd0",
            "dhcp_options_id": "dopt-01206e54dc73498f5",
            "enable_classiclink": false,
            "enable_classiclink_dns_support": false,
            "enable_dns_hostnames": true,
            "enable_dns_support": true,
            "enable_network_address_usage_metrics": false,
            "id": "vpc-01037c86320c59577",
            "instance_tenancy": "default",
            "ipv4_ipam_pool_id": null,
            "ipv4_netmask_length": null,
            "ipv6_association_id": "",
            "ipv6_cidr_block": "",
            "ipv6_cidr_block_network_border_group": "",
            "ipv6_ipam_pool_id": "",
            "ipv6_netmask_length": 0,
            "main_route_table_id": "rtb-030b566cfb1239d0e",
            "owner_id": "924961350014",
            "tags": {},
            "tags_all": {}
          },
          "sensitive_attributes": [],
          "private": "eyJzY2hlbWFfdmVyc2lvbiI6IjEifQ=="
        }
      ]
    },
    {
      "mode": "managed",
      "type": "null_resource",
      "name": "db_setup_trigger",
      "provider": "provider[\"registry.terraform.io/hashicorp/null\"]",
      "instances": [
        {
          "schema_version": 0,
          "attributes": {
            "id": "384779527109659596",
            "triggers": null
          },
          "sensitive_attributes": [],
          "dependencies": [
            "aws_db_instance.em_thesis_lambda_db",
            "aws_iam_role.lambda_role",
            "aws_lambda_function.db_setup_lambda",
            "aws_security_group.lambda_sg",
            "aws_subnet.lambda_subnet_1",
            "aws_subnet.lambda_subnet_2"
          ]
        }
      ]
    }
  ],
  "check_results": null
}
