{
  "version": 4,
  "terraform_version": "1.5.7",
  "serial": 373,
  "lineage": "596ec46a-7e32-2e6c-8c41-556e831eb3e7",
  "outputs": {},
  "resources": [
    {
      "mode": "data",
      "type": "aws_iam_policy_document",
      "name": "ecs_agent",
      "provider": "provider[\"registry.terraform.io/hashicorp/aws\"]",
      "instances": [
        {
          "schema_version": 0,
          "attributes": {
            "id": "2720552519",
            "json": "{\n  \"Version\": \"2012-10-17\",\n  \"Statement\": [\n    {\n      \"Sid\": \"\",\n      \"Effect\": \"Allow\",\n      \"Action\": \"sts:AssumeRole\",\n      \"Principal\": {\n        \"Service\": [\n          \"ecs-tasks.amazonaws.com\",\n          \"ec2.amazonaws.com\"\n        ]\n      }\n    }\n  ]\n}",
            "override_json": null,
            "override_policy_documents": null,
            "policy_id": null,
            "source_json": null,
            "source_policy_documents": null,
            "statement": [
              {
                "actions": [
                  "sts:AssumeRole"
                ],
                "condition": [],
                "effect": "Allow",
                "not_actions": [],
                "not_principals": [],
                "not_resources": [],
                "principals": [
                  {
                    "identifiers": [
                      "ec2.amazonaws.com",
                      "ecs-tasks.amazonaws.com"
                    ],
                    "type": "Service"
                  }
                ],
                "resources": [],
                "sid": ""
              }
            ],
            "version": "2012-10-17"
          },
          "sensitive_attributes": []
        }
      ]
    },
    {
      "mode": "managed",
      "type": "aws_autoscaling_group",
      "name": "ecs_asg",
      "provider": "provider[\"registry.terraform.io/hashicorp/aws\"]",
      "instances": [
        {
          "schema_version": 0,
          "attributes": {
            "arn": "arn:aws:autoscaling:eu-central-1:924961350014:autoScalingGroup:4f29d59c-4615-4faa-ad2c-462e79ce1ca1:autoScalingGroupName/terraform-20231124015705216200000008",
            "availability_zones": [
              "eu-central-1a",
              "eu-central-1b"
            ],
            "capacity_rebalance": false,
            "context": "",
            "default_cooldown": 300,
            "default_instance_warmup": 0,
            "desired_capacity": 8,
            "enabled_metrics": [],
            "force_delete": false,
            "force_delete_warm_pool": false,
            "health_check_grace_period": 300,
            "health_check_type": "EC2",
            "id": "terraform-20231124015705216200000008",
            "initial_lifecycle_hook": [],
            "instance_refresh": [],
            "launch_configuration": "",
            "launch_template": [
              {
                "id": "lt-0e737edaeb423c2d8",
                "name": "ecs-template20231124015655962500000004",
                "version": "$Latest"
              }
            ],
            "load_balancers": [],
            "max_instance_lifetime": 0,
            "max_size": 8,
            "metrics_granularity": "1Minute",
            "min_elb_capacity": null,
            "min_size": 1,
            "mixed_instances_policy": [],
            "name": "terraform-20231124015705216200000008",
            "name_prefix": "terraform-",
            "placement_group": "",
            "protect_from_scale_in": false,
            "service_linked_role_arn": "arn:aws:iam::924961350014:role/aws-service-role/autoscaling.amazonaws.com/AWSServiceRoleForAutoScaling",
            "suspended_processes": [],
            "tag": [
              {
                "key": "AmazonECSManaged",
                "propagate_at_launch": true,
                "value": "true"
              },
              {
                "key": "EM_ECS_VM_Cost",
                "propagate_at_launch": true,
                "value": "Auto Scaling Group"
              }
            ],
            "tags": null,
            "target_group_arns": [],
            "termination_policies": [],
            "timeouts": null,
            "vpc_zone_identifier": [
              "subnet-0247806686225fe9e",
              "subnet-03f8e3bb02740f2da"
            ],
            "wait_for_capacity_timeout": "10m",
            "wait_for_elb_capacity": null,
            "warm_pool": []
          },
          "sensitive_attributes": [],
          "private": "eyJlMmJmYjczMC1lY2FhLTExZTYtOGY4OC0zNDM2M2JjN2M0YzAiOnsiZGVsZXRlIjo2MDAwMDAwMDAwMDAsInVwZGF0ZSI6NjAwMDAwMDAwMDAwfX0=",
          "dependencies": [
            "aws_iam_instance_profile.ecs_agent",
            "aws_iam_role.ecs_agent",
            "aws_launch_template.ecs_lt",
            "aws_security_group.ecs_sg",
            "aws_subnet.subnet",
            "aws_subnet.subnet2",
            "aws_vpc.main_vpc",
            "data.aws_iam_policy_document.ecs_agent"
          ]
        }
      ]
    },
    {
      "mode": "managed",
      "type": "aws_ecs_capacity_provider",
      "name": "ecs_capacity_provider",
      "provider": "provider[\"registry.terraform.io/hashicorp/aws\"]",
      "instances": [
        {
          "schema_version": 0,
          "attributes": {
            "arn": "arn:aws:ecs:eu-central-1:924961350014:capacity-provider/test1",
            "auto_scaling_group_provider": [
              {
                "auto_scaling_group_arn": "arn:aws:autoscaling:eu-central-1:924961350014:autoScalingGroup:4f29d59c-4615-4faa-ad2c-462e79ce1ca1:autoScalingGroupName/terraform-20231124015705216200000008",
                "managed_scaling": [
                  {
                    "instance_warmup_period": 300,
                    "maximum_scaling_step_size": 2,
                    "minimum_scaling_step_size": 1,
                    "status": "ENABLED",
                    "target_capacity": 80
                  }
                ],
                "managed_termination_protection": "DISABLED"
              }
            ],
            "id": "arn:aws:ecs:eu-central-1:924961350014:capacity-provider/test1",
            "name": "test1",
            "tags": {},
            "tags_all": {}
          },
          "sensitive_attributes": [],
          "private": "bnVsbA==",
          "dependencies": [
            "aws_autoscaling_group.ecs_asg",
            "aws_iam_instance_profile.ecs_agent",
            "aws_iam_role.ecs_agent",
            "aws_launch_template.ecs_lt",
            "aws_security_group.ecs_sg",
            "aws_subnet.subnet",
            "aws_subnet.subnet2",
            "aws_vpc.main_vpc",
            "data.aws_iam_policy_document.ecs_agent"
          ]
        }
      ]
    },
    {
      "mode": "managed",
      "type": "aws_ecs_cluster",
      "name": "ecs_cluster",
      "provider": "provider[\"registry.terraform.io/hashicorp/aws\"]",
      "instances": [
        {
          "schema_version": 0,
          "attributes": {
            "arn": "arn:aws:ecs:eu-central-1:924961350014:cluster/my-ecs-cluster",
            "capacity_providers": [
              "test1"
            ],
            "configuration": [],
            "default_capacity_provider_strategy": [
              {
                "base": 1,
                "capacity_provider": "test1",
                "weight": 100
              }
            ],
            "id": "arn:aws:ecs:eu-central-1:924961350014:cluster/my-ecs-cluster",
            "name": "my-ecs-cluster",
            "service_connect_defaults": [],
            "setting": [
              {
                "name": "containerInsights",
                "value": "disabled"
              }
            ],
            "tags": {},
            "tags_all": {}
          },
          "sensitive_attributes": [],
          "private": "bnVsbA=="
        }
      ]
    },
    {
      "mode": "managed",
      "type": "aws_ecs_service",
      "name": "ecsCamelCaseConverer",
      "provider": "provider[\"registry.terraform.io/hashicorp/aws\"]",
      "instances": [
        {
          "schema_version": 0,
          "attributes": {
            "capacity_provider_strategy": [
              {
                "base": 0,
                "capacity_provider": "test1",
                "weight": 100
              }
            ],
            "cluster": "arn:aws:ecs:eu-central-1:924961350014:cluster/my-ecs-cluster",
            "deployment_circuit_breaker": [
              {
                "enable": false,
                "rollback": false
              }
            ],
            "deployment_controller": [
              {
                "type": "ECS"
              }
            ],
            "deployment_maximum_percent": 200,
            "deployment_minimum_healthy_percent": 100,
            "desired_count": 1,
            "enable_ecs_managed_tags": false,
            "enable_execute_command": false,
            "force_new_deployment": true,
            "health_check_grace_period_seconds": 0,
            "iam_role": "aws-service-role",
            "id": "arn:aws:ecs:eu-central-1:924961350014:service/my-ecs-cluster/ecsCamelCaseConverer",
            "launch_type": "",
            "load_balancer": [
              {
                "container_name": "ecsCamelCaseConverer",
                "container_port": 8080,
                "elb_name": "",
                "target_group_arn": "arn:aws:elasticloadbalancing:eu-central-1:924961350014:targetgroup/ecs-tg-camel-case-name/68aeb8d4482bcce1"
              }
            ],
            "name": "ecsCamelCaseConverer",
            "network_configuration": [
              {
                "assign_public_ip": false,
                "security_groups": [
                  "sg-02f8d86fc13fa9102"
                ],
                "subnets": [
                  "subnet-02006fd6ea83182ce",
                  "subnet-0431b7e0656a8ea32"
                ]
              }
            ],
            "ordered_placement_strategy": [],
            "placement_constraints": [
              {
                "expression": "",
                "type": "distinctInstance"
              }
            ],
            "platform_version": "",
            "propagate_tags": "NONE",
            "scheduling_strategy": "REPLICA",
            "service_connect_configuration": [],
            "service_registries": [],
            "tags": {},
            "tags_all": {},
            "task_definition": "arn:aws:ecs:eu-central-1:924961350014:task-definition/ecsCamelCaseConverer:18",
            "timeouts": null,
            "triggers": {
              "redeployment": "2023-11-24T01:57:31Z"
            },
            "wait_for_steady_state": false
          },
          "sensitive_attributes": [],
          "private": "eyJlMmJmYjczMC1lY2FhLTExZTYtOGY4OC0zNDM2M2JjN2M0YzAiOnsiY3JlYXRlIjoxMjAwMDAwMDAwMDAwLCJkZWxldGUiOjEyMDAwMDAwMDAwMDAsInVwZGF0ZSI6MTIwMDAwMDAwMDAwMH19",
          "dependencies": [
            "aws_autoscaling_group.ecs_asg",
            "aws_ecs_capacity_provider.ecs_capacity_provider",
            "aws_ecs_cluster.ecs_cluster",
            "aws_ecs_task_definition.task_definition_camelCaseConverer",
            "aws_iam_instance_profile.ecs_agent",
            "aws_iam_role.ecs_agent",
            "aws_launch_template.ecs_lt",
            "aws_lb_target_group.ecs_tg_camelcase",
            "aws_security_group.ecs_sg",
            "aws_subnet.private_subnet1",
            "aws_subnet.private_subnet2",
            "aws_subnet.subnet",
            "aws_subnet.subnet2",
            "aws_vpc.main_vpc",
            "data.aws_iam_policy_document.ecs_agent"
          ]
        }
      ]
    },
    {
      "mode": "managed",
      "type": "aws_ecs_task_definition",
      "name": "task_definition_camelCaseConverer",
      "provider": "provider[\"registry.terraform.io/hashicorp/aws\"]",
      "instances": [
        {
          "schema_version": 1,
          "attributes": {
            "arn": "arn:aws:ecs:eu-central-1:924961350014:task-definition/ecsCamelCaseConverer:18",
            "container_definitions": "[{\"cpu\":256,\"environment\":[],\"essential\":true,\"image\":\"924961350014.dkr.ecr.eu-central-1.amazonaws.com/myrepo:latest\",\"logConfiguration\":{\"logDriver\":\"awslogs\",\"options\":{\"awslogs-group\":\"ecs-primeNumbersChecker-logs\",\"awslogs-region\":\"eu-central-1\",\"awslogs-stream-prefix\":\"camelCase\"}},\"memory\":512,\"mountPoints\":[],\"name\":\"ecsCamelCaseConverer\",\"portMappings\":[{\"containerPort\":8080,\"hostPort\":8080,\"protocol\":\"tcp\"}],\"volumesFrom\":[]}]",
            "cpu": "256",
            "ephemeral_storage": [],
            "execution_role_arn": "arn:aws:iam::924961350014:role/ecs-agent",
            "family": "ecsCamelCaseConverer",
            "id": "ecsCamelCaseConverer",
            "inference_accelerator": [],
            "ipc_mode": "",
            "memory": "512",
            "network_mode": "awsvpc",
            "pid_mode": "",
            "placement_constraints": [],
            "proxy_configuration": [],
            "requires_compatibilities": [],
            "revision": 18,
            "runtime_platform": [
              {
                "cpu_architecture": "X86_64",
                "operating_system_family": "LINUX"
              }
            ],
            "skip_destroy": false,
            "tags": {},
            "tags_all": {},
            "task_role_arn": "",
            "volume": []
          },
          "sensitive_attributes": [],
          "private": "eyJzY2hlbWFfdmVyc2lvbiI6IjEifQ==",
          "dependencies": [
            "aws_iam_role.ecs_agent",
            "data.aws_iam_policy_document.ecs_agent"
          ]
        }
      ]
    },
    {
      "mode": "managed",
      "type": "aws_iam_instance_profile",
      "name": "ecs_agent",
      "provider": "provider[\"registry.terraform.io/hashicorp/aws\"]",
      "instances": [
        {
          "schema_version": 0,
          "attributes": {
            "arn": "arn:aws:iam::924961350014:instance-profile/ecs-agent-instance-profile",
            "create_date": "2023-11-24T01:56:44Z",
            "id": "ecs-agent-instance-profile",
            "name": "ecs-agent-instance-profile",
            "name_prefix": null,
            "path": "/",
            "role": "ecs-agent",
            "tags": {},
            "tags_all": {},
            "unique_id": "AIPA5OW76EF7DCH5X6GPX"
          },
          "sensitive_attributes": [],
          "private": "bnVsbA==",
          "dependencies": [
            "aws_iam_role.ecs_agent",
            "data.aws_iam_policy_document.ecs_agent"
          ]
        }
      ]
    },
    {
      "mode": "managed",
      "type": "aws_iam_role",
      "name": "ecs_agent",
      "provider": "provider[\"registry.terraform.io/hashicorp/aws\"]",
      "instances": [
        {
          "schema_version": 0,
          "attributes": {
            "arn": "arn:aws:iam::924961350014:role/ecs-agent",
            "assume_role_policy": "{\"Statement\":[{\"Action\":\"sts:AssumeRole\",\"Effect\":\"Allow\",\"Principal\":{\"Service\":[\"ecs-tasks.amazonaws.com\",\"ec2.amazonaws.com\"]},\"Sid\":\"\"}],\"Version\":\"2012-10-17\"}",
            "create_date": "2023-11-24T01:56:43Z",
            "description": "",
            "force_detach_policies": false,
            "id": "ecs-agent",
            "inline_policy": [],
            "managed_policy_arns": [
              "arn:aws:iam::aws:policy/service-role/AmazonEC2ContainerServiceforEC2Role"
            ],
            "max_session_duration": 3600,
            "name": "ecs-agent",
            "name_prefix": "",
            "path": "/",
            "permissions_boundary": null,
            "tags": {},
            "tags_all": {},
            "unique_id": "AROA5OW76EF7NN2IR5QMZ"
          },
          "sensitive_attributes": [],
          "private": "bnVsbA==",
          "dependencies": [
            "data.aws_iam_policy_document.ecs_agent"
          ]
        }
      ]
    },
    {
      "mode": "managed",
      "type": "aws_internet_gateway",
      "name": "internet_gateway",
      "provider": "provider[\"registry.terraform.io/hashicorp/aws\"]",
      "instances": [
        {
          "schema_version": 0,
          "attributes": {
            "arn": "arn:aws:ec2:eu-central-1:924961350014:internet-gateway/igw-043c5176b605b115d",
            "id": "igw-043c5176b605b115d",
            "owner_id": "924961350014",
            "tags": {
              "EM_ECS_Endpoints_Cost": "Internet Gateway",
              "Name": "internet_gateway"
            },
            "tags_all": {
              "EM_ECS_Endpoints_Cost": "Internet Gateway",
              "Name": "internet_gateway"
            },
            "timeouts": null,
            "vpc_id": "vpc-094a2f25fdf1947d7"
          },
          "sensitive_attributes": [],
          "private": "eyJlMmJmYjczMC1lY2FhLTExZTYtOGY4OC0zNDM2M2JjN2M0YzAiOnsiY3JlYXRlIjoxMjAwMDAwMDAwMDAwLCJkZWxldGUiOjEyMDAwMDAwMDAwMDAsInVwZGF0ZSI6MTIwMDAwMDAwMDAwMH19",
          "dependencies": [
            "aws_vpc.main_vpc"
          ]
        }
      ]
    },
    {
      "mode": "managed",
      "type": "aws_launch_template",
      "name": "ecs_lt",
      "provider": "provider[\"registry.terraform.io/hashicorp/aws\"]",
      "instances": [
        {
          "schema_version": 0,
          "attributes": {
            "arn": "arn:aws:ec2:eu-central-1:924961350014:launch-template/lt-0e737edaeb423c2d8",
            "block_device_mappings": [
              {
                "device_name": "/dev/xvda",
                "ebs": [
                  {
                    "delete_on_termination": "",
                    "encrypted": "",
                    "iops": 0,
                    "kms_key_id": "",
                    "snapshot_id": "",
                    "throughput": 0,
                    "volume_size": 30,
                    "volume_type": "gp2"
                  }
                ],
                "no_device": "",
                "virtual_name": ""
              }
            ],
            "capacity_reservation_specification": [],
            "cpu_options": [],
            "credit_specification": [],
            "default_version": 1,
            "description": "",
            "disable_api_stop": false,
            "disable_api_termination": false,
            "ebs_optimized": "",
            "elastic_gpu_specifications": [],
            "elastic_inference_accelerator": [],
            "enclave_options": [],
            "hibernation_options": [],
            "iam_instance_profile": [
              {
                "arn": "",
                "name": "ecs-agent-instance-profile"
              }
            ],
            "id": "lt-0e737edaeb423c2d8",
            "image_id": "ami-062c116e449466e7f",
            "instance_initiated_shutdown_behavior": "",
            "instance_market_options": [],
            "instance_requirements": [],
            "instance_type": "t3.micro",
            "kernel_id": "",
            "key_name": "",
            "latest_version": 1,
            "license_specification": [],
            "maintenance_options": [],
            "metadata_options": [],
            "monitoring": [],
            "name": "ecs-template20231124015655962500000004",
            "name_prefix": "ecs-template",
            "network_interfaces": [],
            "placement": [],
            "private_dns_name_options": [],
            "ram_disk_id": "",
            "security_group_names": [],
            "tag_specifications": [
              {
                "resource_type": "instance",
                "tags": {
                  "Name": "ecs-instance"
                }
              }
            ],
            "tags": {
              "EM_ECS_VM_Cost": "Launch Template",
              "Name": "ecs-instance"
            },
            "tags_all": {
              "EM_ECS_VM_Cost": "Launch Template",
              "Name": "ecs-instance"
            },
            "update_default_version": null,
            "user_data": "IyEvYmluL2Jhc2gKZWNobyBFQ1NfQ0xVU1RFUj1teS1jbHVzdGVyID4+IC9ldGMvZWNzL2Vjcy5jb25maWc=",
            "vpc_security_group_ids": [
              "sg-02f8d86fc13fa9102"
            ]
          },
          "sensitive_attributes": [],
          "private": "bnVsbA==",
          "dependencies": [
            "aws_iam_instance_profile.ecs_agent",
            "aws_iam_role.ecs_agent",
            "aws_security_group.ecs_sg",
            "aws_vpc.main_vpc",
            "data.aws_iam_policy_document.ecs_agent"
          ]
        }
      ]
    },
    {
      "mode": "managed",
      "type": "aws_lb_target_group",
      "name": "ecs_tg_camelcase",
      "provider": "provider[\"registry.terraform.io/hashicorp/aws\"]",
      "instances": [
        {
          "schema_version": 0,
          "attributes": {
            "arn": "arn:aws:elasticloadbalancing:eu-central-1:924961350014:targetgroup/ecs-tg-camel-case-name/68aeb8d4482bcce1",
            "arn_suffix": "targetgroup/ecs-tg-camel-case-name/68aeb8d4482bcce1",
            "connection_termination": false,
            "deregistration_delay": "300",
            "health_check": [
              {
                "enabled": true,
                "healthy_threshold": 3,
                "interval": 30,
                "matcher": "200",
                "path": "/actuator/health",
                "port": "traffic-port",
                "protocol": "HTTP",
                "timeout": 5,
                "unhealthy_threshold": 3
              }
            ],
            "id": "arn:aws:elasticloadbalancing:eu-central-1:924961350014:targetgroup/ecs-tg-camel-case-name/68aeb8d4482bcce1",
            "ip_address_type": "ipv4",
            "lambda_multi_value_headers_enabled": false,
            "load_balancing_algorithm_type": "round_robin",
            "name": "ecs-tg-camel-case-name",
            "name_prefix": null,
            "port": 8080,
            "preserve_client_ip": null,
            "protocol": "HTTP",
            "protocol_version": "HTTP1",
            "proxy_protocol_v2": false,
            "slow_start": 0,
            "stickiness": [
              {
                "cookie_duration": 86400,
                "cookie_name": "",
                "enabled": false,
                "type": "lb_cookie"
              }
            ],
            "tags": {},
            "tags_all": {},
            "target_failover": [
              {
                "on_deregistration": null,
                "on_unhealthy": null
              }
            ],
            "target_type": "ip",
            "vpc_id": "vpc-094a2f25fdf1947d7"
          },
          "sensitive_attributes": [],
          "private": "bnVsbA==",
          "dependencies": [
            "aws_vpc.main_vpc"
          ]
        }
      ]
    },
    {
      "mode": "managed",
      "type": "aws_security_group",
      "name": "ecs_sg",
      "provider": "provider[\"registry.terraform.io/hashicorp/aws\"]",
      "instances": [
        {
          "schema_version": 1,
          "attributes": {
            "arn": "arn:aws:ec2:eu-central-1:924961350014:security-group/sg-02f8d86fc13fa9102",
            "description": "Managed by Terraform",
            "egress": [
              {
                "cidr_blocks": [
                  "0.0.0.0/0"
                ],
                "description": "",
                "from_port": 0,
                "ipv6_cidr_blocks": [],
                "prefix_list_ids": [],
                "protocol": "tcp",
                "security_groups": [],
                "self": false,
                "to_port": 65535
              }
            ],
            "id": "sg-02f8d86fc13fa9102",
            "ingress": [
              {
                "cidr_blocks": [
                  "0.0.0.0/0"
                ],
                "description": "",
                "from_port": 22,
                "ipv6_cidr_blocks": [],
                "prefix_list_ids": [],
                "protocol": "tcp",
                "security_groups": [],
                "self": false,
                "to_port": 22
              },
              {
                "cidr_blocks": [
                  "0.0.0.0/0"
                ],
                "description": "",
                "from_port": 443,
                "ipv6_cidr_blocks": [],
                "prefix_list_ids": [],
                "protocol": "tcp",
                "security_groups": [],
                "self": false,
                "to_port": 443
              },
              {
                "cidr_blocks": [
                  "0.0.0.0/0"
                ],
                "description": "",
                "from_port": 8080,
                "ipv6_cidr_blocks": [],
                "prefix_list_ids": [],
                "protocol": "tcp",
                "security_groups": [],
                "self": false,
                "to_port": 8080
              },
              {
                "cidr_blocks": [
                  "0.0.0.0/0"
                ],
                "description": "",
                "from_port": 80,
                "ipv6_cidr_blocks": [],
                "prefix_list_ids": [],
                "protocol": "tcp",
                "security_groups": [],
                "self": false,
                "to_port": 80
              }
            ],
            "name": "terraform-20231124015654413300000002",
            "name_prefix": "terraform-",
            "owner_id": "924961350014",
            "revoke_rules_on_delete": false,
            "tags": {
              "EM_ECS_Overall_Cost": "Security Group",
              "Name": "ecs_sg"
            },
            "tags_all": {
              "EM_ECS_Overall_Cost": "Security Group",
              "Name": "ecs_sg"
            },
            "timeouts": null,
            "vpc_id": "vpc-094a2f25fdf1947d7"
          },
          "sensitive_attributes": [],
          "private": "eyJlMmJmYjczMC1lY2FhLTExZTYtOGY4OC0zNDM2M2JjN2M0YzAiOnsiY3JlYXRlIjo2MDAwMDAwMDAwMDAsImRlbGV0ZSI6OTAwMDAwMDAwMDAwfSwic2NoZW1hX3ZlcnNpb24iOiIxIn0=",
          "dependencies": [
            "aws_vpc.main_vpc"
          ]
        }
      ]
    },
    {
      "mode": "managed",
      "type": "aws_subnet",
      "name": "private_subnet1",
      "provider": "provider[\"registry.terraform.io/hashicorp/aws\"]",
      "instances": [
        {
          "schema_version": 1,
          "attributes": {
            "arn": "arn:aws:ec2:eu-central-1:924961350014:subnet/subnet-02006fd6ea83182ce",
            "assign_ipv6_address_on_creation": false,
            "availability_zone": "eu-central-1a",
            "availability_zone_id": "euc1-az2",
            "cidr_block": "10.0.3.0/24",
            "customer_owned_ipv4_pool": "",
            "enable_dns64": false,
            "enable_resource_name_dns_a_record_on_launch": false,
            "enable_resource_name_dns_aaaa_record_on_launch": false,
            "id": "subnet-02006fd6ea83182ce",
            "ipv6_cidr_block": "",
            "ipv6_cidr_block_association_id": "",
            "ipv6_native": false,
            "map_customer_owned_ip_on_launch": false,
            "map_public_ip_on_launch": false,
            "outpost_arn": "",
            "owner_id": "924961350014",
            "private_dns_hostname_type_on_launch": "ip-name",
            "tags": {
              "EM_ECS_Overall_Cost": "Private Subnet",
              "Name": "private_subnet1"
            },
            "tags_all": {
              "EM_ECS_Overall_Cost": "Private Subnet",
              "Name": "private_subnet1"
            },
            "timeouts": null,
            "vpc_id": "vpc-094a2f25fdf1947d7"
          },
          "sensitive_attributes": [],
          "private": "eyJlMmJmYjczMC1lY2FhLTExZTYtOGY4OC0zNDM2M2JjN2M0YzAiOnsiY3JlYXRlIjo2MDAwMDAwMDAwMDAsImRlbGV0ZSI6MTIwMDAwMDAwMDAwMH0sInNjaGVtYV92ZXJzaW9uIjoiMSJ9",
          "dependencies": [
            "aws_vpc.main_vpc"
          ]
        }
      ]
    },
    {
      "mode": "managed",
      "type": "aws_subnet",
      "name": "private_subnet2",
      "provider": "provider[\"registry.terraform.io/hashicorp/aws\"]",
      "instances": [
        {
          "schema_version": 1,
          "attributes": {
            "arn": "arn:aws:ec2:eu-central-1:924961350014:subnet/subnet-0431b7e0656a8ea32",
            "assign_ipv6_address_on_creation": false,
            "availability_zone": "eu-central-1b",
            "availability_zone_id": "euc1-az3",
            "cidr_block": "10.0.4.0/24",
            "customer_owned_ipv4_pool": "",
            "enable_dns64": false,
            "enable_resource_name_dns_a_record_on_launch": false,
            "enable_resource_name_dns_aaaa_record_on_launch": false,
            "id": "subnet-0431b7e0656a8ea32",
            "ipv6_cidr_block": "",
            "ipv6_cidr_block_association_id": "",
            "ipv6_native": false,
            "map_customer_owned_ip_on_launch": false,
            "map_public_ip_on_launch": false,
            "outpost_arn": "",
            "owner_id": "924961350014",
            "private_dns_hostname_type_on_launch": "ip-name",
            "tags": {
              "EM_ECS_Overall_Cost": "Private Subnet",
              "Name": "private_subnet2"
            },
            "tags_all": {
              "EM_ECS_Overall_Cost": "Private Subnet",
              "Name": "private_subnet2"
            },
            "timeouts": null,
            "vpc_id": "vpc-094a2f25fdf1947d7"
          },
          "sensitive_attributes": [],
          "private": "eyJlMmJmYjczMC1lY2FhLTExZTYtOGY4OC0zNDM2M2JjN2M0YzAiOnsiY3JlYXRlIjo2MDAwMDAwMDAwMDAsImRlbGV0ZSI6MTIwMDAwMDAwMDAwMH0sInNjaGVtYV92ZXJzaW9uIjoiMSJ9",
          "dependencies": [
            "aws_vpc.main_vpc"
          ]
        }
      ]
    },
    {
      "mode": "managed",
      "type": "aws_subnet",
      "name": "subnet",
      "provider": "provider[\"registry.terraform.io/hashicorp/aws\"]",
      "instances": [
        {
          "schema_version": 1,
          "attributes": {
            "arn": "arn:aws:ec2:eu-central-1:924961350014:subnet/subnet-03f8e3bb02740f2da",
            "assign_ipv6_address_on_creation": false,
            "availability_zone": "eu-central-1a",
            "availability_zone_id": "euc1-az2",
            "cidr_block": "10.0.1.0/24",
            "customer_owned_ipv4_pool": "",
            "enable_dns64": false,
            "enable_resource_name_dns_a_record_on_launch": false,
            "enable_resource_name_dns_aaaa_record_on_launch": false,
            "id": "subnet-03f8e3bb02740f2da",
            "ipv6_cidr_block": "",
            "ipv6_cidr_block_association_id": "",
            "ipv6_native": false,
            "map_customer_owned_ip_on_launch": false,
            "map_public_ip_on_launch": true,
            "outpost_arn": "",
            "owner_id": "924961350014",
            "private_dns_hostname_type_on_launch": "ip-name",
            "tags": {
              "EM_ECS_Overall_Cost": "Subnet",
              "Name": "subnet"
            },
            "tags_all": {
              "EM_ECS_Overall_Cost": "Subnet",
              "Name": "subnet"
            },
            "timeouts": null,
            "vpc_id": "vpc-094a2f25fdf1947d7"
          },
          "sensitive_attributes": [],
          "private": "eyJlMmJmYjczMC1lY2FhLTExZTYtOGY4OC0zNDM2M2JjN2M0YzAiOnsiY3JlYXRlIjo2MDAwMDAwMDAwMDAsImRlbGV0ZSI6MTIwMDAwMDAwMDAwMH0sInNjaGVtYV92ZXJzaW9uIjoiMSJ9",
          "dependencies": [
            "aws_vpc.main_vpc"
          ]
        }
      ]
    },
    {
      "mode": "managed",
      "type": "aws_subnet",
      "name": "subnet2",
      "provider": "provider[\"registry.terraform.io/hashicorp/aws\"]",
      "instances": [
        {
          "schema_version": 1,
          "attributes": {
            "arn": "arn:aws:ec2:eu-central-1:924961350014:subnet/subnet-0247806686225fe9e",
            "assign_ipv6_address_on_creation": false,
            "availability_zone": "eu-central-1b",
            "availability_zone_id": "euc1-az3",
            "cidr_block": "10.0.2.0/24",
            "customer_owned_ipv4_pool": "",
            "enable_dns64": false,
            "enable_resource_name_dns_a_record_on_launch": false,
            "enable_resource_name_dns_aaaa_record_on_launch": false,
            "id": "subnet-0247806686225fe9e",
            "ipv6_cidr_block": "",
            "ipv6_cidr_block_association_id": "",
            "ipv6_native": false,
            "map_customer_owned_ip_on_launch": false,
            "map_public_ip_on_launch": true,
            "outpost_arn": "",
            "owner_id": "924961350014",
            "private_dns_hostname_type_on_launch": "ip-name",
            "tags": {
              "EM_ECS_Overall_Cost": "Subnet",
              "Name": "subnet2"
            },
            "tags_all": {
              "EM_ECS_Overall_Cost": "Subnet",
              "Name": "subnet2"
            },
            "timeouts": null,
            "vpc_id": "vpc-094a2f25fdf1947d7"
          },
          "sensitive_attributes": [],
          "private": "eyJlMmJmYjczMC1lY2FhLTExZTYtOGY4OC0zNDM2M2JjN2M0YzAiOnsiY3JlYXRlIjo2MDAwMDAwMDAwMDAsImRlbGV0ZSI6MTIwMDAwMDAwMDAwMH0sInNjaGVtYV92ZXJzaW9uIjoiMSJ9",
          "dependencies": [
            "aws_vpc.main_vpc"
          ]
        }
      ]
    },
    {
      "mode": "managed",
      "type": "aws_vpc",
      "name": "main_vpc",
      "provider": "provider[\"registry.terraform.io/hashicorp/aws\"]",
      "instances": [
        {
          "schema_version": 1,
          "attributes": {
            "arn": "arn:aws:ec2:eu-central-1:924961350014:vpc/vpc-094a2f25fdf1947d7",
            "assign_generated_ipv6_cidr_block": false,
            "cidr_block": "10.0.0.0/16",
            "default_network_acl_id": "acl-0ce9f5f9a80e4c666",
            "default_route_table_id": "rtb-03e4fbacefea55470",
            "default_security_group_id": "sg-0c37958cba2893b98",
            "dhcp_options_id": "dopt-01206e54dc73498f5",
            "enable_classiclink": false,
            "enable_classiclink_dns_support": false,
            "enable_dns_hostnames": true,
            "enable_dns_support": true,
            "enable_network_address_usage_metrics": false,
            "id": "vpc-094a2f25fdf1947d7",
            "instance_tenancy": "default",
            "ipv4_ipam_pool_id": null,
            "ipv4_netmask_length": null,
            "ipv6_association_id": "",
            "ipv6_cidr_block": "",
            "ipv6_cidr_block_network_border_group": "",
            "ipv6_ipam_pool_id": "",
            "ipv6_netmask_length": 0,
            "main_route_table_id": "rtb-03e4fbacefea55470",
            "owner_id": "924961350014",
            "tags": {
              "EM_ECS_Overall_Cost": "VPC",
              "Name": "em-thesis-ecs-cluster-vpc"
            },
            "tags_all": {
              "EM_ECS_Overall_Cost": "VPC",
              "Name": "em-thesis-ecs-cluster-vpc"
            }
          },
          "sensitive_attributes": [],
          "private": "eyJzY2hlbWFfdmVyc2lvbiI6IjEifQ=="
        }
      ]
    }
  ],
  "check_results": null
}
